// !$*UTF8*$!
{
	archiveVersion = 1;
	classes = {
	};
	objectVersion = 46;
	objects = {

/* Begin PBXAggregateTarget section */
		2C2004131086F82E002447D1 /* all */ = {
			isa = PBXAggregateTarget;
			buildConfigurationList = 2C20042C1086F888002447D1 /* Build configuration list for PBXAggregateTarget "all" */;
			buildPhases = (
			);
			dependencies = (
				2CC544B81088142300992CF8 /* PBXTargetDependency */,
				2C200D631086FF4B002447D1 /* PBXTargetDependency */,
				2C2012C210871447002447D1 /* PBXTargetDependency */,
				2C20041B1086F84B002447D1 /* PBXTargetDependency */,
				2C2012B110871321002447D1 /* PBXTargetDependency */,
			);
			name = all;
			productName = all;
		};
/* End PBXAggregateTarget section */

/* Begin PBXBuildFile section */
		2C200D6A10870039002447D1 /* InsomniaT.cpp in Sources */ = {isa = PBXBuildFile; fileRef = 2C200D1F1086FDE5002447D1 /* InsomniaT.cpp */; };
		2C200D6B10870044002447D1 /* InsomniaTUserClient.cpp in Sources */ = {isa = PBXBuildFile; fileRef = 2C200D211086FDE5002447D1 /* InsomniaTUserClient.cpp */; };
		2C200E24108703B9002447D1 /* InsomniaTTest.m in Sources */ = {isa = PBXBuildFile; fileRef = 2C200E21108703B9002447D1 /* InsomniaTTest.m */; };
		2C2012341087074A002447D1 /* IOKit.framework in Frameworks */ = {isa = PBXBuildFile; fileRef = 2C200E2F108704F8002447D1 /* IOKit.framework */; };
		2C2012B61087137A002447D1 /* InsomniaTUserClient.cpp in Sources */ = {isa = PBXBuildFile; fileRef = 2C200D211086FDE5002447D1 /* InsomniaTUserClient.cpp */; };
		2C2012B71087137A002447D1 /* InsomniaT.cpp in Sources */ = {isa = PBXBuildFile; fileRef = 2C200D1F1086FDE5002447D1 /* InsomniaT.cpp */; };
		2C2012F21087171C002447D1 /* IOKit.framework in Frameworks */ = {isa = PBXBuildFile; fileRef = 2C200E2F108704F8002447D1 /* IOKit.framework */; };
		2C20170F108719E0002447D1 /* insomniat.m in Sources */ = {isa = PBXBuildFile; fileRef = 2C20170E108719E0002447D1 /* insomniat.m */; };
		2C201C0F1087ABF9002447D1 /* Cocoa.framework in Frameworks */ = {isa = PBXBuildFile; fileRef = 2C201C0E1087ABF9002447D1 /* Cocoa.framework */; };
		2C201C1A1087ADCC002447D1 /* Info.plist in Resources */ = {isa = PBXBuildFile; fileRef = 2C201C161087ADCC002447D1 /* Info.plist */; };
		2C201C1C1087ADCC002447D1 /* main.m in Sources */ = {isa = PBXBuildFile; fileRef = 2C201C191087ADCC002447D1 /* main.m */; };
		2CC5447A108803D900992CF8 /* InsomniaTAppDelegate.m in Sources */ = {isa = PBXBuildFile; fileRef = 2CC54478108803D900992CF8 /* InsomniaTAppDelegate.m */; };
		2CC5447F1088047F00992CF8 /* MainMenu.xib in Resources */ = {isa = PBXBuildFile; fileRef = 2CC5447D1088047F00992CF8 /* MainMenu.xib */; };
		2CC54498108813A100992CF8 /* IOKit.framework in Frameworks */ = {isa = PBXBuildFile; fileRef = 2C200E2F108704F8002447D1 /* IOKit.framework */; };
		2CF37C6410BE0CA30061EEB6 /* Coffee Cup.icns in Resources */ = {isa = PBXBuildFile; fileRef = 2CF37C6310BE0CA30061EEB6 /* Coffee Cup.icns */; };
/* End PBXBuildFile section */

/* Begin PBXContainerItemProxy section */
		2C20041A1086F84B002447D1 /* PBXContainerItemProxy */ = {
			isa = PBXContainerItemProxy;
			containerPortal = 089C1669FE841209C02AAC07 /* Project object */;
			proxyType = 1;
			remoteGlobalIDString = 2C24428F106BDB4F0088C89C;
			remoteInfo = InsomniaTTest;
		};
		2C200D621086FF4B002447D1 /* PBXContainerItemProxy */ = {
			isa = PBXContainerItemProxy;
			containerPortal = 089C1669FE841209C02AAC07 /* Project object */;
			proxyType = 1;
			remoteGlobalIDString = 2C200D3A1086FE7A002447D1;
			remoteInfo = InsomniaT;
		};
		2C2012B010871321002447D1 /* PBXContainerItemProxy */ = {
			isa = PBXContainerItemProxy;
			containerPortal = 089C1669FE841209C02AAC07 /* Project object */;
			proxyType = 1;
			remoteGlobalIDString = 2C7F45C6106B612700AEC829;
			remoteInfo = insomniat;
		};
		2C2012C110871447002447D1 /* PBXContainerItemProxy */ = {
			isa = PBXContainerItemProxy;
			containerPortal = 089C1669FE841209C02AAC07 /* Project object */;
			proxyType = 1;
			remoteGlobalIDString = 2C2012B41087137A002447D1;
			remoteInfo = "InsomniaT 10.5";
		};
		2CC544B71088142300992CF8 /* PBXContainerItemProxy */ = {
			isa = PBXContainerItemProxy;
			containerPortal = 089C1669FE841209C02AAC07 /* Project object */;
			proxyType = 1;
			remoteGlobalIDString = 2C201B9A10873EEA002447D1;
			remoteInfo = InsomniaT;
		};
		2CC544B91088145500992CF8 /* PBXContainerItemProxy */ = {
			isa = PBXContainerItemProxy;
			containerPortal = 089C1669FE841209C02AAC07 /* Project object */;
			proxyType = 1;
			remoteGlobalIDString = 2C2004131086F82E002447D1;
			remoteInfo = all;
		};
/* End PBXContainerItemProxy section */

/* Begin PBXFileReference section */
		2C1F2C1D1068086900D5C7AE /* Development Notes.rtf */ = {isa = PBXFileReference; lastKnownFileType = text.rtf; path = "Development Notes.rtf"; sourceTree = "<group>"; };
		2C200D1D1086FDE5002447D1 /* en */ = {isa = PBXFileReference; fileEncoding = 4; lastKnownFileType = text.plist.strings; name = en; path = InfoPlist.strings; sourceTree = "<group>"; };
		2C200D1E1086FDE5002447D1 /* Info.plist */ = {isa = PBXFileReference; fileEncoding = 4; lastKnownFileType = text.plist.xml; name = Info.plist; path = src/kext/Info.plist; sourceTree = "<group>"; };
		2C200D1F1086FDE5002447D1 /* InsomniaT.cpp */ = {isa = PBXFileReference; fileEncoding = 4; lastKnownFileType = sourcecode.cpp.cpp; name = InsomniaT.cpp; path = src/kext/InsomniaT.cpp; sourceTree = "<group>"; };
		2C200D201086FDE5002447D1 /* InsomniaT.h */ = {isa = PBXFileReference; fileEncoding = 4; lastKnownFileType = sourcecode.c.h; name = InsomniaT.h; path = src/kext/InsomniaT.h; sourceTree = "<group>"; };
		2C200D211086FDE5002447D1 /* InsomniaTUserClient.cpp */ = {isa = PBXFileReference; fileEncoding = 4; lastKnownFileType = sourcecode.cpp.cpp; name = InsomniaTUserClient.cpp; path = src/kext/InsomniaTUserClient.cpp; sourceTree = "<group>"; };
		2C200D221086FDE5002447D1 /* InsomniaTUserClient.h */ = {isa = PBXFileReference; fileEncoding = 4; lastKnownFileType = sourcecode.c.h; name = InsomniaTUserClient.h; path = src/kext/InsomniaTUserClient.h; sourceTree = "<group>"; };
		2C200E21108703B9002447D1 /* InsomniaTTest.m */ = {isa = PBXFileReference; fileEncoding = 4; lastKnownFileType = sourcecode.c.objc; name = InsomniaTTest.m; path = src/test/InsomniaTTest.m; sourceTree = "<group>"; };
		2C200E22108703B9002447D1 /* InsomniaTTest.h */ = {isa = PBXFileReference; fileEncoding = 4; lastKnownFileType = sourcecode.c.h; name = InsomniaTTest.h; path = src/test/InsomniaTTest.h; sourceTree = "<group>"; };
		2C200E23108703B9002447D1 /* Info.plist */ = {isa = PBXFileReference; fileEncoding = 4; lastKnownFileType = text.plist.xml; name = Info.plist; path = src/test/Info.plist; sourceTree = "<group>"; };
		2C200E2F108704F8002447D1 /* IOKit.framework */ = {isa = PBXFileReference; explicitFileType = wrapper.framework; name = IOKit.framework; path = System/Library/Frameworks/IOKit.framework; sourceTree = SDKROOT; };
		2C2012E710871669002447D1 /* InsomniaT.kext */ = {isa = PBXFileReference; explicitFileType = wrapper.cfbundle; includeInIndex = 0; path = InsomniaT.kext; sourceTree = BUILT_PRODUCTS_DIR; };
		2C2012E810871685002447D1 /* InsomniaT (10.5).kext */ = {isa = PBXFileReference; explicitFileType = wrapper.cfbundle; includeInIndex = 0; path = "InsomniaT (10.5).kext"; sourceTree = BUILT_PRODUCTS_DIR; };
		2C2016EB10871751002447D1 /* insomniat */ = {isa = PBXFileReference; explicitFileType = "compiled.mach-o.executable"; includeInIndex = 0; path = insomniat; sourceTree = BUILT_PRODUCTS_DIR; };
		2C20170D108719E0002447D1 /* insomniat.h */ = {isa = PBXFileReference; fileEncoding = 4; lastKnownFileType = sourcecode.c.h; name = insomniat.h; path = src/cli/insomniat.h; sourceTree = "<group>"; };
		2C20170E108719E0002447D1 /* insomniat.m */ = {isa = PBXFileReference; fileEncoding = 4; lastKnownFileType = sourcecode.c.objc; name = insomniat.m; path = src/cli/insomniat.m; sourceTree = "<group>"; };
		2C201B4110872C41002447D1 /* 01insomniat-contents.xml */ = {isa = PBXFileReference; fileEncoding = 4; lastKnownFileType = text.xml; path = "01insomniat-contents.xml"; sourceTree = "<group>"; };
		2C201B4210872C41002447D1 /* 01insomniat.xml */ = {isa = PBXFileReference; fileEncoding = 4; lastKnownFileType = text.xml; path = 01insomniat.xml; sourceTree = "<group>"; };
		2C201B4310872C41002447D1 /* 02insomniat-contents.xml */ = {isa = PBXFileReference; fileEncoding = 4; lastKnownFileType = text.xml; path = "02insomniat-contents.xml"; sourceTree = "<group>"; };
		2C201B4410872C41002447D1 /* 02insomniat.xml */ = {isa = PBXFileReference; fileEncoding = 4; lastKnownFileType = text.xml; path = 02insomniat.xml; sourceTree = "<group>"; };
		2C201B4510872C41002447D1 /* 03insomniat-contents.xml */ = {isa = PBXFileReference; fileEncoding = 4; lastKnownFileType = text.xml; path = "03insomniat-contents.xml"; sourceTree = "<group>"; };
		2C201B4610872C41002447D1 /* 03insomniat.xml */ = {isa = PBXFileReference; fileEncoding = 4; lastKnownFileType = text.xml; path = 03insomniat.xml; sourceTree = "<group>"; };
		2C201B4710872C41002447D1 /* index.xml */ = {isa = PBXFileReference; fileEncoding = 4; lastKnownFileType = text.xml; path = index.xml; sourceTree = "<group>"; };
		2C201B5610872E29002447D1 /* ChangeLog.rtf */ = {isa = PBXFileReference; lastKnownFileType = text.rtf; path = ChangeLog.rtf; sourceTree = "<group>"; };
		2C201B9B10873EEA002447D1 /* InsomniaT.app */ = {isa = PBXFileReference; explicitFileType = wrapper.application; includeInIndex = 0; path = InsomniaT.app; sourceTree = BUILT_PRODUCTS_DIR; };
		2C201C0E1087ABF9002447D1 /* Cocoa.framework */ = {isa = PBXFileReference; lastKnownFileType = wrapper.framework; name = Cocoa.framework; path = System/Library/Frameworks/Cocoa.framework; sourceTree = SDKROOT; };
		2C201C161087ADCC002447D1 /* Info.plist */ = {isa = PBXFileReference; fileEncoding = 4; lastKnownFileType = text.plist.xml; path = Info.plist; sourceTree = "<group>"; };
		2C201C191087ADCC002447D1 /* main.m */ = {isa = PBXFileReference; fileEncoding = 4; lastKnownFileType = sourcecode.c.objc; path = main.m; sourceTree = "<group>"; };
		2C24479B106C30C50088C89C /* Makefile */ = {isa = PBXFileReference; fileEncoding = 4; lastKnownFileType = sourcecode.make; path = Makefile; sourceTree = "<group>"; };
		2CC5441C1087B6E200992CF8 /* InsomniaTTest.octest */ = {isa = PBXFileReference; explicitFileType = wrapper.cfbundle; includeInIndex = 0; path = InsomniaTTest.octest; sourceTree = BUILT_PRODUCTS_DIR; };
		2CC54478108803D900992CF8 /* InsomniaTAppDelegate.m */ = {isa = PBXFileReference; fileEncoding = 4; lastKnownFileType = sourcecode.c.objc; name = InsomniaTAppDelegate.m; path = src/gui/InsomniaTAppDelegate.m; sourceTree = "<group>"; };
		2CC54479108803D900992CF8 /* InsomniaTAppDelegate.h */ = {isa = PBXFileReference; fileEncoding = 4; lastKnownFileType = sourcecode.c.h; name = InsomniaTAppDelegate.h; path = src/gui/InsomniaTAppDelegate.h; sourceTree = "<group>"; };
		2CC5447E1088047F00992CF8 /* en */ = {isa = PBXFileReference; lastKnownFileType = file.xib; name = en; path = src/gui/en.lproj/MainMenu.xib; sourceTree = "<group>"; };
		2CF37C6310BE0CA30061EEB6 /* Coffee Cup.icns */ = {isa = PBXFileReference; lastKnownFileType = image.icns; name = "Coffee Cup.icns"; path = "src/gui/Coffee Cup.icns"; sourceTree = "<group>"; };
/* End PBXFileReference section */

/* Begin PBXFrameworksBuildPhase section */
		2C200D391086FE7A002447D1 /* Frameworks */ = {
			isa = PBXFrameworksBuildPhase;
			buildActionMask = 2147483647;
			files = (
			);
			runOnlyForDeploymentPostprocessing = 0;
		};
		2C2012B81087137A002447D1 /* Frameworks */ = {
			isa = PBXFrameworksBuildPhase;
			buildActionMask = 2147483647;
			files = (
			);
			runOnlyForDeploymentPostprocessing = 0;
		};
		2C201B9910873EEA002447D1 /* Frameworks */ = {
			isa = PBXFrameworksBuildPhase;
			buildActionMask = 2147483647;
			files = (
				2C201C0F1087ABF9002447D1 /* Cocoa.framework in Frameworks */,
				2CC54498108813A100992CF8 /* IOKit.framework in Frameworks */,
			);
			runOnlyForDeploymentPostprocessing = 0;
		};
		2C24428D106BDB4F0088C89C /* Frameworks */ = {
			isa = PBXFrameworksBuildPhase;
			buildActionMask = 2147483647;
			files = (
				2C2012341087074A002447D1 /* IOKit.framework in Frameworks */,
			);
			runOnlyForDeploymentPostprocessing = 0;
		};
		2C7F45C5106B612700AEC829 /* Frameworks */ = {
			isa = PBXFrameworksBuildPhase;
			buildActionMask = 2147483647;
			files = (
				2C2012F21087171C002447D1 /* IOKit.framework in Frameworks */,
			);
			runOnlyForDeploymentPostprocessing = 0;
		};
/* End PBXFrameworksBuildPhase section */

/* Begin PBXGroup section */
		089C166AFE841209C02AAC07 /* InsomniaT */ = {
			isa = PBXGroup;
			children = (
				2C201B9610873EC4002447D1 /* Documents */,
				247142CAFF3F8F9811CA285C /* Source */,
				2C2442EA106BE6550088C89C /* Unit Test Source */,
				2C24479B106C30C50088C89C /* Makefile */,
				2C2004581086FD32002447D1 /* Frameworks */,
				2C200D3C1086FE7A002447D1 /* Products */,
			);
			name = InsomniaT;
			sourceTree = "<group>";
		};
		247142CAFF3F8F9811CA285C /* Source */ = {
			isa = PBXGroup;
			children = (
				2CD2F39311BEECE500E216F6 /* Preference Pane */,
				2C201BA110873F2D002447D1 /* GUI */,
				2C20032D1086EF34002447D1 /* Kernel Extension */,
				2C2442E9106BE6400088C89C /* CLI */,
				2C201B2110871BF3002447D1 /* Installer */,
			);
			name = Source;
			sourceTree = "<group>";
		};
		2C20032D1086EF34002447D1 /* Kernel Extension */ = {
			isa = PBXGroup;
			children = (
				2C200D1B1086FDE5002447D1 /* en.lproj */,
				2C200D1E1086FDE5002447D1 /* Info.plist */,
				2C200D1F1086FDE5002447D1 /* InsomniaT.cpp */,
				2C200D201086FDE5002447D1 /* InsomniaT.h */,
				2C200D211086FDE5002447D1 /* InsomniaTUserClient.cpp */,
				2C200D221086FDE5002447D1 /* InsomniaTUserClient.h */,
			);
			name = "Kernel Extension";
			sourceTree = "<group>";
		};
		2C2004581086FD32002447D1 /* Frameworks */ = {
			isa = PBXGroup;
			children = (
				2C201C0E1087ABF9002447D1 /* Cocoa.framework */,
				2C200E2F108704F8002447D1 /* IOKit.framework */,
			);
			name = Frameworks;
			sourceTree = "<group>";
		};
		2C200D1B1086FDE5002447D1 /* en.lproj */ = {
			isa = PBXGroup;
			children = (
				2C200D1C1086FDE5002447D1 /* InfoPlist.strings */,
			);
			name = en.lproj;
			path = src/kext/en.lproj;
			sourceTree = "<group>";
		};
		2C200D3C1086FE7A002447D1 /* Products */ = {
			isa = PBXGroup;
			children = (
				2C2012E710871669002447D1 /* InsomniaT.kext */,
				2C2012E810871685002447D1 /* InsomniaT (10.5).kext */,
				2C2016EB10871751002447D1 /* insomniat */,
				2C201B9B10873EEA002447D1 /* InsomniaT.app */,
				2CC5441C1087B6E200992CF8 /* InsomniaTTest.octest */,
			);
			name = Products;
			sourceTree = "<group>";
		};
		2C201B2110871BF3002447D1 /* Installer */ = {
			isa = PBXGroup;
			children = (
				2C201B4010872C41002447D1 /* InsomniaT.pmdoc */,
			);
			name = Installer;
			sourceTree = "<group>";
		};
		2C201B4010872C41002447D1 /* InsomniaT.pmdoc */ = {
			isa = PBXGroup;
			children = (
				2C201B4110872C41002447D1 /* 01insomniat-contents.xml */,
				2C201B4210872C41002447D1 /* 01insomniat.xml */,
				2C201B4310872C41002447D1 /* 02insomniat-contents.xml */,
				2C201B4410872C41002447D1 /* 02insomniat.xml */,
				2C201B4510872C41002447D1 /* 03insomniat-contents.xml */,
				2C201B4610872C41002447D1 /* 03insomniat.xml */,
				2C201B4710872C41002447D1 /* index.xml */,
			);
			name = InsomniaT.pmdoc;
			path = src/installer/InsomniaT.pmdoc;
			sourceTree = "<group>";
		};
		2C201B9610873EC4002447D1 /* Documents */ = {
			isa = PBXGroup;
			children = (
				2C1F2C1D1068086900D5C7AE /* Development Notes.rtf */,
				2C201B5610872E29002447D1 /* ChangeLog.rtf */,
			);
			name = Documents;
			sourceTree = "<group>";
		};
		2C201BA110873F2D002447D1 /* GUI */ = {
			isa = PBXGroup;
			children = (
				2CF37C6310BE0CA30061EEB6 /* Coffee Cup.icns */,
				2CC5447D1088047F00992CF8 /* MainMenu.xib */,
				2CC54478108803D900992CF8 /* InsomniaTAppDelegate.m */,
				2CC54479108803D900992CF8 /* InsomniaTAppDelegate.h */,
				2C201C161087ADCC002447D1 /* Info.plist */,
				2C201C191087ADCC002447D1 /* main.m */,
			);
			name = GUI;
			sourceTree = "<group>";
		};
		2C2442E9106BE6400088C89C /* CLI */ = {
			isa = PBXGroup;
			children = (
				2C20170D108719E0002447D1 /* insomniat.h */,
				2C20170E108719E0002447D1 /* insomniat.m */,
			);
			name = CLI;
			sourceTree = "<group>";
		};
		2C2442EA106BE6550088C89C /* Unit Test Source */ = {
			isa = PBXGroup;
			children = (
				2C200E21108703B9002447D1 /* InsomniaTTest.m */,
				2C200E22108703B9002447D1 /* InsomniaTTest.h */,
				2C200E23108703B9002447D1 /* Info.plist */,
			);
			name = "Unit Test Source";
			sourceTree = "<group>";
		};
		2CD2F39311BEECE500E216F6 /* Preference Pane */ = {
			isa = PBXGroup;
			children = (
			);
			name = "Preference Pane";
			sourceTree = "<group>";
		};
/* End PBXGroup section */

/* Begin PBXLegacyTarget section */
		2C201B66108733DC002447D1 /* Installer */ = {
			isa = PBXLegacyTarget;
			buildArgumentsString = "$(ACTION)";
			buildConfigurationList = 2C201B69108733FB002447D1 /* Build configuration list for PBXLegacyTarget "Installer" */;
			buildPhases = (
			);
			buildToolPath = /usr/bin/make;
			dependencies = (
				2CC544BA1088145500992CF8 /* PBXTargetDependency */,
			);
			name = Installer;
			passBuildSettingsInEnvironment = 1;
			productName = Untitled;
		};
/* End PBXLegacyTarget section */

/* Begin PBXNativeTarget section */
		2C200D3A1086FE7A002447D1 /* InsomniaT Kernel Extension */ = {
			isa = PBXNativeTarget;
			buildConfigurationList = 2C200D401086FE7B002447D1 /* Build configuration list for PBXNativeTarget "InsomniaT Kernel Extension" */;
			buildPhases = (
				2C200D371086FE7A002447D1 /* Sources */,
				2C200D391086FE7A002447D1 /* Frameworks */,
				2C20129710871181002447D1 /* Resources */,
			);
			buildRules = (
			);
			comments = "This is the main kernel extension.  It needs to be compiled against 10.6 to be able to execute in 10.6 as a 32-bt/64-bit binary";
			dependencies = (
			);
			name = "InsomniaT Kernel Extension";
			productName = InsomniaT;
			productReference = 2C2012E710871669002447D1 /* InsomniaT.kext */;
			productType = "com.apple.product-type.kernel-extension.iokit";
		};
		2C2012B41087137A002447D1 /* InsomniaT Kernel Extension 10.5 */ = {
			isa = PBXNativeTarget;
			buildConfigurationList = 2C2012BA1087137A002447D1 /* Build configuration list for PBXNativeTarget "InsomniaT Kernel Extension 10.5" */;
			buildPhases = (
				2C2012B51087137A002447D1 /* Sources */,
				2C2012B81087137A002447D1 /* Frameworks */,
				2C2012B91087137A002447D1 /* Resources */,
			);
			buildRules = (
			);
			comments = "This is the main kernel extension.  It needs to be compiled against 10.5 to be able to execute in 10.5 as a 32-bit only";
			dependencies = (
			);
			name = "InsomniaT Kernel Extension 10.5";
			productName = InsomniaT;
			productReference = 2C2012E810871685002447D1 /* InsomniaT (10.5).kext */;
			productType = "com.apple.product-type.kernel-extension.iokit";
		};
		2C201B9A10873EEA002447D1 /* InsomniaT */ = {
			isa = PBXNativeTarget;
			buildConfigurationList = 2C201BA010873EEB002447D1 /* Build configuration list for PBXNativeTarget "InsomniaT" */;
			buildPhases = (
				2C201B9710873EEA002447D1 /* Resources */,
				2C201B9810873EEA002447D1 /* Sources */,
				2C201B9910873EEA002447D1 /* Frameworks */,
			);
			buildRules = (
			);
			dependencies = (
			);
			name = InsomniaT;
			productName = InsomniaT;
			productReference = 2C201B9B10873EEA002447D1 /* InsomniaT.app */;
			productType = "com.apple.product-type.application";
		};
		2C24428F106BDB4F0088C89C /* InsomniaTTest */ = {
			isa = PBXNativeTarget;
			buildConfigurationList = 2C244295106BDB500088C89C /* Build configuration list for PBXNativeTarget "InsomniaTTest" */;
			buildPhases = (
				2C24428B106BDB4F0088C89C /* Resources */,
				2C24428C106BDB4F0088C89C /* Sources */,
				2C24428D106BDB4F0088C89C /* Frameworks */,
				2C24428E106BDB4F0088C89C /* ShellScript */,
			);
			buildRules = (
			);
			dependencies = (
			);
			name = InsomniaTTest;
			productName = InsomniaTTest;
			productReference = 2CC5441C1087B6E200992CF8 /* InsomniaTTest.octest */;
			productType = "com.apple.product-type.bundle";
		};
		2C7F45C6106B612700AEC829 /* insomniat */ = {
			isa = PBXNativeTarget;
			buildConfigurationList = 2C7F45CB106B613900AEC829 /* Build configuration list for PBXNativeTarget "insomniat" */;
			buildPhases = (
				2C7F45C4106B612700AEC829 /* Sources */,
				2C7F45C5106B612700AEC829 /* Frameworks */,
			);
			buildRules = (
			);
			dependencies = (
			);
			name = insomniat;
			productName = TestClient;
			productReference = 2C2016EB10871751002447D1 /* insomniat */;
			productType = "com.apple.product-type.tool";
		};
/* End PBXNativeTarget section */

/* Begin PBXProject section */
		089C1669FE841209C02AAC07 /* Project object */ = {
			isa = PBXProject;
			attributes = {
				ORGANIZATIONNAME = trajano.net;
			};
			buildConfigurationList = 1DEB91DD08733DB10010E9CD /* Build configuration list for PBXProject "InsomniaT" */;
			compatibilityVersion = "Xcode 3.2";
			hasScannedForEncodings = 1;
			knownRegions = (
				English,
				Japanese,
				French,
				German,
				en,
			);
			mainGroup = 089C166AFE841209C02AAC07 /* InsomniaT */;
			productRefGroup = 2C200D3C1086FE7A002447D1 /* Products */;
			projectDirPath = "";
			projectRoot = "";
			targets = (
				2C2004131086F82E002447D1 /* all */,
				2C7F45C6106B612700AEC829 /* insomniat */,
				2C200D3A1086FE7A002447D1 /* InsomniaT Kernel Extension */,
				2C2012B41087137A002447D1 /* InsomniaT Kernel Extension 10.5 */,
				2C24428F106BDB4F0088C89C /* InsomniaTTest */,
				2C201B66108733DC002447D1 /* Installer */,
				2C201B9A10873EEA002447D1 /* InsomniaT */,
			);
		};
/* End PBXProject section */

/* Begin PBXResourcesBuildPhase section */
		2C20129710871181002447D1 /* Resources */ = {
			isa = PBXResourcesBuildPhase;
			buildActionMask = 2147483647;
			files = (
			);
			runOnlyForDeploymentPostprocessing = 0;
		};
		2C2012B91087137A002447D1 /* Resources */ = {
			isa = PBXResourcesBuildPhase;
			buildActionMask = 2147483647;
			files = (
			);
			runOnlyForDeploymentPostprocessing = 0;
		};
		2C201B9710873EEA002447D1 /* Resources */ = {
			isa = PBXResourcesBuildPhase;
			buildActionMask = 2147483647;
			files = (
				2C201C1A1087ADCC002447D1 /* Info.plist in Resources */,
				2CC5447F1088047F00992CF8 /* MainMenu.xib in Resources */,
				2CF37C6410BE0CA30061EEB6 /* Coffee Cup.icns in Resources */,
			);
			runOnlyForDeploymentPostprocessing = 0;
		};
		2C24428B106BDB4F0088C89C /* Resources */ = {
			isa = PBXResourcesBuildPhase;
			buildActionMask = 2147483647;
			files = (
			);
			runOnlyForDeploymentPostprocessing = 0;
		};
/* End PBXResourcesBuildPhase section */

/* Begin PBXShellScriptBuildPhase section */
		2C24428E106BDB4F0088C89C /* ShellScript */ = {
			isa = PBXShellScriptBuildPhase;
			buildActionMask = 2147483647;
			files = (
			);
			inputPaths = (
			);
			outputPaths = (
			);
			runOnlyForDeploymentPostprocessing = 0;
			shellPath = /bin/sh;
			shellScript = "# Run the unit tests in this test bundle.\n\"${SYSTEM_DEVELOPER_DIR}/Tools/RunUnitTests\"\n";
		};
/* End PBXShellScriptBuildPhase section */

/* Begin PBXSourcesBuildPhase section */
		2C200D371086FE7A002447D1 /* Sources */ = {
			isa = PBXSourcesBuildPhase;
			buildActionMask = 2147483647;
			files = (
				2C200D6B10870044002447D1 /* InsomniaTUserClient.cpp in Sources */,
				2C200D6A10870039002447D1 /* InsomniaT.cpp in Sources */,
			);
			runOnlyForDeploymentPostprocessing = 0;
		};
		2C2012B51087137A002447D1 /* Sources */ = {
			isa = PBXSourcesBuildPhase;
			buildActionMask = 2147483647;
			files = (
				2C2012B61087137A002447D1 /* InsomniaTUserClient.cpp in Sources */,
				2C2012B71087137A002447D1 /* InsomniaT.cpp in Sources */,
			);
			runOnlyForDeploymentPostprocessing = 0;
		};
		2C201B9810873EEA002447D1 /* Sources */ = {
			isa = PBXSourcesBuildPhase;
			buildActionMask = 2147483647;
			files = (
				2C201C1C1087ADCC002447D1 /* main.m in Sources */,
				2CC5447A108803D900992CF8 /* InsomniaTAppDelegate.m in Sources */,
			);
			runOnlyForDeploymentPostprocessing = 0;
		};
		2C24428C106BDB4F0088C89C /* Sources */ = {
			isa = PBXSourcesBuildPhase;
			buildActionMask = 2147483647;
			files = (
				2C200E24108703B9002447D1 /* InsomniaTTest.m in Sources */,
			);
			runOnlyForDeploymentPostprocessing = 0;
		};
		2C7F45C4106B612700AEC829 /* Sources */ = {
			isa = PBXSourcesBuildPhase;
			buildActionMask = 2147483647;
			files = (
				2C20170F108719E0002447D1 /* insomniat.m in Sources */,
			);
			runOnlyForDeploymentPostprocessing = 0;
		};
/* End PBXSourcesBuildPhase section */

/* Begin PBXTargetDependency section */
		2C20041B1086F84B002447D1 /* PBXTargetDependency */ = {
			isa = PBXTargetDependency;
			target = 2C24428F106BDB4F0088C89C /* InsomniaTTest */;
			targetProxy = 2C20041A1086F84B002447D1 /* PBXContainerItemProxy */;
		};
		2C200D631086FF4B002447D1 /* PBXTargetDependency */ = {
			isa = PBXTargetDependency;
			target = 2C200D3A1086FE7A002447D1 /* InsomniaT Kernel Extension */;
			targetProxy = 2C200D621086FF4B002447D1 /* PBXContainerItemProxy */;
		};
		2C2012B110871321002447D1 /* PBXTargetDependency */ = {
			isa = PBXTargetDependency;
			target = 2C7F45C6106B612700AEC829 /* insomniat */;
			targetProxy = 2C2012B010871321002447D1 /* PBXContainerItemProxy */;
		};
		2C2012C210871447002447D1 /* PBXTargetDependency */ = {
			isa = PBXTargetDependency;
			target = 2C2012B41087137A002447D1 /* InsomniaT Kernel Extension 10.5 */;
			targetProxy = 2C2012C110871447002447D1 /* PBXContainerItemProxy */;
		};
		2CC544B81088142300992CF8 /* PBXTargetDependency */ = {
			isa = PBXTargetDependency;
			target = 2C201B9A10873EEA002447D1 /* InsomniaT */;
			targetProxy = 2CC544B71088142300992CF8 /* PBXContainerItemProxy */;
		};
		2CC544BA1088145500992CF8 /* PBXTargetDependency */ = {
			isa = PBXTargetDependency;
			target = 2C2004131086F82E002447D1 /* all */;
			targetProxy = 2CC544B91088145500992CF8 /* PBXContainerItemProxy */;
		};
/* End PBXTargetDependency section */

/* Begin PBXVariantGroup section */
		2C200D1C1086FDE5002447D1 /* InfoPlist.strings */ = {
			isa = PBXVariantGroup;
			children = (
				2C200D1D1086FDE5002447D1 /* en */,
			);
			name = InfoPlist.strings;
			sourceTree = "<group>";
		};
		2CC5447D1088047F00992CF8 /* MainMenu.xib */ = {
			isa = PBXVariantGroup;
			children = (
				2CC5447E1088047F00992CF8 /* en */,
			);
			name = MainMenu.xib;
			sourceTree = "<group>";
		};
/* End PBXVariantGroup section */

/* Begin XCBuildConfiguration section */
		1DEB91DE08733DB10010E9CD /* Debug */ = {
			isa = XCBuildConfiguration;
			buildSettings = {
				ARCHS = "$(ARCHS_STANDARD_32_64_BIT)";
				CURRENT_PROJECT_VERSION = 2.0.2;
				GCC_C_LANGUAGE_STANDARD = gnu99;
				GCC_OPTIMIZATION_LEVEL = 0;
				GCC_WARN_ABOUT_RETURN_TYPE = YES;
				GCC_WARN_UNUSED_VARIABLE = YES;
				ONLY_ACTIVE_ARCH = NO;
				PREBINDING = NO;
				SDKROOT = macosx10.5;
			};
			name = Debug;
		};
		1DEB91DF08733DB10010E9CD /* Release */ = {
			isa = XCBuildConfiguration;
			buildSettings = {
				ARCHS = "$(ARCHS_STANDARD_32_64_BIT)";
				CURRENT_PROJECT_VERSION = 2.0.2;
				GCC_C_LANGUAGE_STANDARD = gnu99;
				GCC_WARN_ABOUT_RETURN_TYPE = YES;
				GCC_WARN_UNUSED_VARIABLE = YES;
				ONLY_ACTIVE_ARCH = NO;
				PREBINDING = NO;
				SDKROOT = macosx10.5;
			};
			name = Release;
		};
		2C2004141086F82E002447D1 /* Debug */ = {
			isa = XCBuildConfiguration;
			buildSettings = {
				COPY_PHASE_STRIP = NO;
				GCC_DYNAMIC_NO_PIC = NO;
				GCC_OPTIMIZATION_LEVEL = 0;
				PRODUCT_NAME = all;
			};
			name = Debug;
		};
		2C2004151086F82E002447D1 /* Release */ = {
			isa = XCBuildConfiguration;
			buildSettings = {
				COPY_PHASE_STRIP = YES;
				DEBUG_INFORMATION_FORMAT = "dwarf-with-dsym";
				GCC_ENABLE_FIX_AND_CONTINUE = NO;
				PRODUCT_NAME = all;
				ZERO_LINK = NO;
			};
			name = Release;
		};
		2C200D3E1086FE7B002447D1 /* Debug */ = {
			isa = XCBuildConfiguration;
			buildSettings = {
				ALWAYS_SEARCH_USER_PATHS = NO;
				CONFIGURATION_BUILD_DIR = "$(BUILD_DIR)/$(CONFIGURATION)$(EFFECTIVE_PLATFORM_NAME)";
				CONFIGURATION_TEMP_DIR = "$(PROJECT_TEMP_DIR)/${SDKROOT}/$(CONFIGURATION)$(EFFECTIVE_PLATFORM_NAME)";
				COPY_PHASE_STRIP = NO;
				DEBUG_INFORMATION_FORMAT = "dwarf-with-dsym";
				GCC_DYNAMIC_NO_PIC = NO;
				GCC_ENABLE_FIX_AND_CONTINUE = NO;
				GCC_MODEL_TUNING = G5;
				GCC_OPTIMIZATION_LEVEL = 0;
				INFOPLIST_FILE = src/kext/Info.plist;
				INSTALL_GROUP = wheel;
				INSTALL_OWNER = root;
				INSTALL_PATH = "$(SYSTEM_LIBRARY_DIR)/Extensions";
				LINK_WITH_STANDARD_LIBRARIES = YES;
				MACH_O_TYPE = mh_execute;
				MODULE_NAME = net.trajano.driver.InsomniaT;
				MODULE_VERSION = "${CURRENT_PROJECT_VERSION}";
				OTHER_LDFLAGS = "";
				PREBINDING = NO;
				PRODUCT_NAME = InsomniaT;
				SDKROOT = macosx10.6;
				VALID_ARCHS = "i386 x86_64";
				WRAPPER_EXTENSION = kext;
			};
			name = Debug;
		};
		2C200D3F1086FE7B002447D1 /* Release */ = {
			isa = XCBuildConfiguration;
			buildSettings = {
				ALWAYS_SEARCH_USER_PATHS = NO;
				CONFIGURATION_BUILD_DIR = "$(BUILD_DIR)/$(CONFIGURATION)$(EFFECTIVE_PLATFORM_NAME)";
				CONFIGURATION_TEMP_DIR = "$(PROJECT_TEMP_DIR)/${SDKROOT}/$(CONFIGURATION)$(EFFECTIVE_PLATFORM_NAME)";
				COPY_PHASE_STRIP = YES;
				DEBUG_INFORMATION_FORMAT = "dwarf-with-dsym";
				GCC_ENABLE_FIX_AND_CONTINUE = NO;
				GCC_MODEL_TUNING = G5;
				INFOPLIST_FILE = src/kext/Info.plist;
				INSTALL_GROUP = wheel;
				INSTALL_OWNER = root;
				INSTALL_PATH = "$(SYSTEM_LIBRARY_DIR)/Extensions";
				LINK_WITH_STANDARD_LIBRARIES = YES;
				MACH_O_TYPE = mh_execute;
				MODULE_NAME = net.trajano.driver.InsomniaT;
				MODULE_VERSION = "${CURRENT_PROJECT_VERSION}";
				OTHER_LDFLAGS = "";
				PREBINDING = NO;
				PRODUCT_NAME = InsomniaT;
				SDKROOT = macosx10.6;
				VALID_ARCHS = "i386 x86_64";
				WRAPPER_EXTENSION = kext;
				ZERO_LINK = NO;
			};
			name = Release;
		};
		2C2012BB1087137A002447D1 /* Debug */ = {
			isa = XCBuildConfiguration;
			buildSettings = {
				ALWAYS_SEARCH_USER_PATHS = NO;
				ARCHS = "$(ARCHS_STANDARD_32_BIT)";
				CONFIGURATION_BUILD_DIR = "$(BUILD_DIR)/$(CONFIGURATION)$(EFFECTIVE_PLATFORM_NAME)";
				CONFIGURATION_TEMP_DIR = "$(PROJECT_TEMP_DIR)/${SDKROOT}/$(CONFIGURATION)$(EFFECTIVE_PLATFORM_NAME)";
				COPY_PHASE_STRIP = NO;
				DEBUG_INFORMATION_FORMAT = "dwarf-with-dsym";
				GCC_DYNAMIC_NO_PIC = NO;
				GCC_ENABLE_FIX_AND_CONTINUE = NO;
				GCC_MODEL_TUNING = G5;
				GCC_OPTIMIZATION_LEVEL = 0;
				INFOPLIST_FILE = src/kext/Info.plist;
				INSTALL_GROUP = wheel;
				INSTALL_OWNER = root;
				INSTALL_PATH = "$(SYSTEM_LIBRARY_DIR)/Extensions";
				LINK_WITH_STANDARD_LIBRARIES = YES;
				MACH_O_TYPE = mh_execute;
				MODULE_NAME = net.trajano.driver.InsomniaT;
				MODULE_VERSION = "${CURRENT_PROJECT_VERSION}";
				OTHER_LDFLAGS = "";
				PREBINDING = NO;
				PRODUCT_NAME = "InsomniaT (10.5)";
				SDKROOT = macosx10.5;
				VALID_ARCHS = "ppc970 ppc7400 ppc64 ppc i386";
				WRAPPER_EXTENSION = kext;
			};
			name = Debug;
		};
		2C2012BC1087137A002447D1 /* Release */ = {
			isa = XCBuildConfiguration;
			buildSettings = {
				ALWAYS_SEARCH_USER_PATHS = NO;
				ARCHS = "$(ARCHS_STANDARD_32_BIT)";
				CONFIGURATION_BUILD_DIR = "$(BUILD_DIR)/$(CONFIGURATION)$(EFFECTIVE_PLATFORM_NAME)";
				CONFIGURATION_TEMP_DIR = "$(PROJECT_TEMP_DIR)/${SDKROOT}/$(CONFIGURATION)$(EFFECTIVE_PLATFORM_NAME)";
				COPY_PHASE_STRIP = YES;
				DEBUG_INFORMATION_FORMAT = "dwarf-with-dsym";
				GCC_ENABLE_FIX_AND_CONTINUE = NO;
				GCC_MODEL_TUNING = G5;
				INFOPLIST_FILE = src/kext/Info.plist;
				INSTALL_GROUP = wheel;
				INSTALL_OWNER = root;
				INSTALL_PATH = "$(SYSTEM_LIBRARY_DIR)/Extensions";
				LINK_WITH_STANDARD_LIBRARIES = YES;
				MACH_O_TYPE = mh_execute;
				MODULE_NAME = net.trajano.driver.InsomniaT;
				MODULE_VERSION = "${CURRENT_PROJECT_VERSION}";
				OTHER_LDFLAGS = "";
				PREBINDING = NO;
				PRODUCT_NAME = "InsomniaT (10.5)";
				SDKROOT = macosx10.5;
				VALID_ARCHS = "ppc970 ppc7400 ppc64 ppc i386";
				WRAPPER_EXTENSION = kext;
				ZERO_LINK = NO;
			};
			name = Release;
		};
		2C201B67108733DD002447D1 /* Debug */ = {
			isa = XCBuildConfiguration;
			buildSettings = {
				COPY_PHASE_STRIP = NO;
				GCC_DYNAMIC_NO_PIC = NO;
				GCC_OPTIMIZATION_LEVEL = 0;
				PRODUCT_NAME = Untitled;
			};
			name = Debug;
		};
		2C201B68108733DD002447D1 /* Release */ = {
			isa = XCBuildConfiguration;
			buildSettings = {
				COPY_PHASE_STRIP = YES;
				CURRENT_PRODUCT_VERSION = 2.0.2;
				DEBUG_INFORMATION_FORMAT = "dwarf-with-dsym";
				GCC_ENABLE_FIX_AND_CONTINUE = NO;
				PRODUCT_NAME = InsomniaT;
				ZERO_LINK = NO;
			};
			name = Release;
		};
		2C201B9E10873EEB002447D1 /* Debug */ = {
			isa = XCBuildConfiguration;
			buildSettings = {
				ALWAYS_SEARCH_USER_PATHS = NO;
				COPY_PHASE_STRIP = NO;
				GCC_DYNAMIC_NO_PIC = NO;
				GCC_ENABLE_FIX_AND_CONTINUE = YES;
				GCC_MODEL_TUNING = G5;
				GCC_OPTIMIZATION_LEVEL = 0;
				GCC_PRECOMPILE_PREFIX_HEADER = YES;
				GCC_PREFIX_HEADER = "$(SYSTEM_LIBRARY_DIR)/Frameworks/AppKit.framework/Headers/AppKit.h";
				INFOPLIST_FILE = src/gui/Info.plist;
				INSTALL_PATH = "$(HOME)/Applications";
				OTHER_LDFLAGS = (
					"-framework",
					Foundation,
					"-framework",
					AppKit,
				);
				PREBINDING = NO;
				PRODUCT_NAME = InsomniaT;
			};
			name = Debug;
		};
		2C201B9F10873EEB002447D1 /* Release */ = {
			isa = XCBuildConfiguration;
			buildSettings = {
				ALWAYS_SEARCH_USER_PATHS = NO;
				COPY_PHASE_STRIP = YES;
				DEBUG_INFORMATION_FORMAT = "dwarf-with-dsym";
				GCC_ENABLE_FIX_AND_CONTINUE = NO;
				GCC_MODEL_TUNING = G5;
				GCC_PRECOMPILE_PREFIX_HEADER = YES;
				GCC_PREFIX_HEADER = "$(SYSTEM_LIBRARY_DIR)/Frameworks/AppKit.framework/Headers/AppKit.h";
				INFOPLIST_FILE = src/gui/Info.plist;
				INSTALL_PATH = "$(HOME)/Applications";
				OTHER_LDFLAGS = (
					"-framework",
					Foundation,
					"-framework",
					AppKit,
				);
				PREBINDING = NO;
				PRODUCT_NAME = InsomniaT;
				ZERO_LINK = NO;
			};
			name = Release;
		};
		2C244293106BDB500088C89C /* Debug */ = {
			isa = XCBuildConfiguration;
			buildSettings = {
				ALWAYS_SEARCH_USER_PATHS = NO;
				COPY_PHASE_STRIP = NO;
				DEBUG_INFORMATION_FORMAT = "dwarf-with-dsym";
				FRAMEWORK_SEARCH_PATHS = "$(DEVELOPER_LIBRARY_DIR)/Frameworks";
				GCC_DYNAMIC_NO_PIC = NO;
				GCC_ENABLE_FIX_AND_CONTINUE = NO;
				GCC_ENABLE_OBJC_EXCEPTIONS = YES;
				GCC_MODEL_TUNING = G5;
				GCC_OPTIMIZATION_LEVEL = 0;
				GCC_PRECOMPILE_PREFIX_HEADER = YES;
				GCC_PREFIX_HEADER = "$(SYSTEM_LIBRARY_DIR)/Frameworks/Cocoa.framework/Headers/Cocoa.h";
				INFOPLIST_FILE = src/test/Info.plist;
				INSTALL_PATH = "$(USER_LIBRARY_DIR)/Bundles";
				OTHER_LDFLAGS = (
					"-framework",
					Cocoa,
					"-framework",
					SenTestingKit,
				);
				PREBINDING = NO;
				PRODUCT_NAME = InsomniaTTest;
				WRAPPER_EXTENSION = octest;
			};
			name = Debug;
		};
		2C244294106BDB500088C89C /* Release */ = {
			isa = XCBuildConfiguration;
			buildSettings = {
				ALWAYS_SEARCH_USER_PATHS = NO;
				COPY_PHASE_STRIP = YES;
				DEBUG_INFORMATION_FORMAT = "dwarf-with-dsym";
				FRAMEWORK_SEARCH_PATHS = "$(DEVELOPER_LIBRARY_DIR)/Frameworks";
				GCC_ENABLE_FIX_AND_CONTINUE = NO;
				GCC_ENABLE_OBJC_EXCEPTIONS = YES;
				GCC_MODEL_TUNING = G5;
				GCC_PRECOMPILE_PREFIX_HEADER = YES;
				GCC_PREFIX_HEADER = "$(SYSTEM_LIBRARY_DIR)/Frameworks/Cocoa.framework/Headers/Cocoa.h";
				INFOPLIST_FILE = src/test/Info.plist;
				INSTALL_PATH = "$(USER_LIBRARY_DIR)/Bundles";
				OTHER_LDFLAGS = (
					"-framework",
					Cocoa,
					"-framework",
					SenTestingKit,
				);
				PREBINDING = NO;
				PRODUCT_NAME = InsomniaTTest;
				WRAPPER_EXTENSION = octest;
				ZERO_LINK = NO;
			};
			name = Release;
		};
		2C7F45C9106B612800AEC829 /* Debug */ = {
			isa = XCBuildConfiguration;
			buildSettings = {
				ALWAYS_SEARCH_USER_PATHS = NO;
				ARCHS = "$(ARCHS_STANDARD_32_64_BIT)";
				COPY_PHASE_STRIP = NO;
				GCC_DYNAMIC_NO_PIC = NO;
				GCC_ENABLE_FIX_AND_CONTINUE = YES;
				GCC_MODEL_TUNING = G5;
				GCC_OPTIMIZATION_LEVEL = 0;
				GCC_PRECOMPILE_PREFIX_HEADER = YES;
				GCC_PREFIX_HEADER = "$(SYSTEM_LIBRARY_DIR)/Frameworks/AppKit.framework/Headers/AppKit.h";
				INSTALL_PATH = /usr/local/bin;
				OTHER_LDFLAGS = (
					"-framework",
					Foundation,
					"-framework",
					AppKit,
				);
				PREBINDING = NO;
				PRODUCT_NAME = insomniat;
			};
			name = Debug;
		};
		2C7F45CA106B612800AEC829 /* Release */ = {
			isa = XCBuildConfiguration;
			buildSettings = {
				ALWAYS_SEARCH_USER_PATHS = NO;
				ARCHS = "$(ARCHS_STANDARD_32_64_BIT)";
				COPY_PHASE_STRIP = YES;
				DEBUG_INFORMATION_FORMAT = "dwarf-with-dsym";
				GCC_ENABLE_FIX_AND_CONTINUE = NO;
				GCC_MODEL_TUNING = G5;
				GCC_PRECOMPILE_PREFIX_HEADER = YES;
				GCC_PREFIX_HEADER = "$(SYSTEM_LIBRARY_DIR)/Frameworks/AppKit.framework/Headers/AppKit.h";
				INSTALL_PATH = /usr/local/bin;
				OTHER_LDFLAGS = (
					"-framework",
					Foundation,
					"-framework",
					AppKit,
				);
				PREBINDING = NO;
				PRODUCT_NAME = insomniat;
				ZERO_LINK = NO;
			};
			name = Release;
		};
/* End XCBuildConfiguration section */

/* Begin XCConfigurationList section */
		1DEB91DD08733DB10010E9CD /* Build configuration list for PBXProject "InsomniaT" */ = {
			isa = XCConfigurationList;
			buildConfigurations = (
				1DEB91DE08733DB10010E9CD /* Debug */,
				1DEB91DF08733DB10010E9CD /* Release */,
			);
			defaultConfigurationIsVisible = 0;
			defaultConfigurationName = Release;
		};
		2C20042C1086F888002447D1 /* Build configuration list for PBXAggregateTarget "all" */ = {
			isa = XCConfigurationList;
			buildConfigurations = (
				2C2004141086F82E002447D1 /* Debug */,
				2C2004151086F82E002447D1 /* Release */,
			);
			defaultConfigurationIsVisible = 0;
			defaultConfigurationName = Release;
		};
		2C200D401086FE7B002447D1 /* Build configuration list for PBXNativeTarget "InsomniaT Kernel Extension" */ = {
			isa = XCConfigurationList;
			buildConfigurations = (
				2C200D3E1086FE7B002447D1 /* Debug */,
				2C200D3F1086FE7B002447D1 /* Release */,
			);
			defaultConfigurationIsVisible = 0;
			defaultConfigurationName = Release;
		};
		2C2012BA1087137A002447D1 /* Build configuration list for PBXNativeTarget "InsomniaT Kernel Extension 10.5" */ = {
			isa = XCConfigurationList;
			buildConfigurations = (
				2C2012BB1087137A002447D1 /* Debug */,
				2C2012BC1087137A002447D1 /* Release */,
			);
			defaultConfigurationIsVisible = 0;
			defaultConfigurationName = Release;
		};
		2C201B69108733FB002447D1 /* Build configuration list for PBXLegacyTarget "Installer" */ = {
			isa = XCConfigurationList;
			buildConfigurations = (
				2C201B67108733DD002447D1 /* Debug */,
				2C201B68108733DD002447D1 /* Release */,
			);
			defaultConfigurationIsVisible = 0;
			defaultConfigurationName = Release;
		};
		2C201BA010873EEB002447D1 /* Build configuration list for PBXNativeTarget "InsomniaT" */ = {
			isa = XCConfigurationList;
			buildConfigurations = (
				2C201B9E10873EEB002447D1 /* Debug */,
				2C201B9F10873EEB002447D1 /* Release */,
			);
			defaultConfigurationIsVisible = 0;
			defaultConfigurationName = Release;
		};
		2C244295106BDB500088C89C /* Build configuration list for PBXNativeTarget "InsomniaTTest" */ = {
			isa = XCConfigurationList;
			buildConfigurations = (
				2C244293106BDB500088C89C /* Debug */,
				2C244294106BDB500088C89C /* Release */,
			);
			defaultConfigurationIsVisible = 0;
			defaultConfigurationName = Release;
		};
		2C7F45CB106B613900AEC829 /* Build configuration list for PBXNativeTarget "insomniat" */ = {
			isa = XCConfigurationList;
			buildConfigurations = (
				2C7F45C9106B612800AEC829 /* Debug */,
				2C7F45CA106B612800AEC829 /* Release */,
			);
			defaultConfigurationIsVisible = 0;
			defaultConfigurationName = Release;
		};
/* End XCConfigurationList section */
	};
	rootObject = 089C1669FE841209C02AAC07 /* Project object */;
}
