// !$*UTF8*$!
{
	archiveVersion = 1;
	classes = {
	};
	objectVersion = 46;
	objects = {

/* Begin PBXAggregateTarget section */
		2C2004131086F82E002447D1 /* all */ = {
			isa = PBXAggregateTarget;
			buildConfigurationList = 2C20042C1086F888002447D1 /* Build configuration list for PBXAggregateTarget "all" */;
			buildPhases = (
			);
			dependencies = (
				2C200D631086FF4B002447D1 /* PBXTargetDependency */,
				2C2012C210871447002447D1 /* PBXTargetDependency */,
				2C20041B1086F84B002447D1 /* PBXTargetDependency */,
				2C2012B110871321002447D1 /* PBXTargetDependency */,
				2C6FC55C11C03880004D0737 /* PBXTargetDependency */,
				2CA8F0D113DDE1C20097DE37 /* PBXTargetDependency */,
			);
			name = all;
			productName = all;
		};
/* End PBXAggregateTarget section */

/* Begin PBXBuildFile section */
		2C200D6A10870039002447D1 /* InsomniaT.cpp in Sources */ = {isa = PBXBuildFile; fileRef = 2C200D1F1086FDE5002447D1 /* InsomniaT.cpp */; };
		2C200D6B10870044002447D1 /* InsomniaTUserClient.cpp in Sources */ = {isa = PBXBuildFile; fileRef = 2C200D211086FDE5002447D1 /* InsomniaTUserClient.cpp */; };
		2C200E24108703B9002447D1 /* InsomniaTTest.m in Sources */ = {isa = PBXBuildFile; fileRef = 2C200E21108703B9002447D1 /* InsomniaTTest.m */; };
		2C2012341087074A002447D1 /* IOKit.framework in Frameworks */ = {isa = PBXBuildFile; fileRef = 2C200E2F108704F8002447D1 /* IOKit.framework */; };
		2C2012B61087137A002447D1 /* InsomniaTUserClient.cpp in Sources */ = {isa = PBXBuildFile; fileRef = 2C200D211086FDE5002447D1 /* InsomniaTUserClient.cpp */; };
		2C2012B71087137A002447D1 /* InsomniaT.cpp in Sources */ = {isa = PBXBuildFile; fileRef = 2C200D1F1086FDE5002447D1 /* InsomniaT.cpp */; };
		2C2012F21087171C002447D1 /* IOKit.framework in Frameworks */ = {isa = PBXBuildFile; fileRef = 2C200E2F108704F8002447D1 /* IOKit.framework */; };
		2C20170F108719E0002447D1 /* insomniat.m in Sources */ = {isa = PBXBuildFile; fileRef = 2C20170E108719E0002447D1 /* insomniat.m */; };
		2C6FC53811C037B7004D0737 /* PreferencePanes.framework in Frameworks */ = {isa = PBXBuildFile; fileRef = 2C6FC4E411C035A4004D0737 /* PreferencePanes.framework */; };
		2C6FC53911C037BD004D0737 /* IOKit.framework in Frameworks */ = {isa = PBXBuildFile; fileRef = 2C200E2F108704F8002447D1 /* IOKit.framework */; };
		2C6FC53A11C037C3004D0737 /* Cocoa.framework in Frameworks */ = {isa = PBXBuildFile; fileRef = 2C201C0E1087ABF9002447D1 /* Cocoa.framework */; };
		2C6FC54311C03841004D0737 /* InsomniaTPref.m in Sources */ = {isa = PBXBuildFile; fileRef = 2C6FC36B11C02F05004D0737 /* InsomniaTPref.m */; };
		2C6FC54411C03841004D0737 /* InsomniaTStatus.m in Sources */ = {isa = PBXBuildFile; fileRef = 2C6FC36C11C02F05004D0737 /* InsomniaTStatus.m */; };
		2C6FC54511C03841004D0737 /* InsomniaTPrefController.m in Sources */ = {isa = PBXBuildFile; fileRef = 2C6FC36E11C02F05004D0737 /* InsomniaTPrefController.m */; };
		2C6FC54611C03841004D0737 /* Coffee Cup.icns in Resources */ = {isa = PBXBuildFile; fileRef = 2C6FC37211C02F05004D0737 /* Coffee Cup.icns */; };
		2C6FCDA611C054AC004D0737 /* InsomniaTPref.xib in Resources */ = {isa = PBXBuildFile; fileRef = 2C6FCDA311C054AC004D0737 /* InsomniaTPref.xib */; };
		2CA8F0BA13DDE1340097DE37 /* Cocoa.framework in Frameworks */ = {isa = PBXBuildFile; fileRef = 2C201C0E1087ABF9002447D1 /* Cocoa.framework */; };
		2CA8F0CF13DDE1B20097DE37 /* Coffee Cup.icns in Resources */ = {isa = PBXBuildFile; fileRef = 2CA8F0CE13DDE1B20097DE37 /* Coffee Cup.icns */; };
		2CA8F27913DDE3050097DE37 /* Info.plist in Resources */ = {isa = PBXBuildFile; fileRef = 2CA8F27813DDE3050097DE37 /* Info.plist */; };
/* End PBXBuildFile section */

/* Begin PBXContainerItemProxy section */
		2C20041A1086F84B002447D1 /* PBXContainerItemProxy */ = {
			isa = PBXContainerItemProxy;
			containerPortal = 089C1669FE841209C02AAC07 /* Project object */;
			proxyType = 1;
			remoteGlobalIDString = 2C24428F106BDB4F0088C89C;
			remoteInfo = InsomniaTTest;
		};
		2C200D621086FF4B002447D1 /* PBXContainerItemProxy */ = {
			isa = PBXContainerItemProxy;
			containerPortal = 089C1669FE841209C02AAC07 /* Project object */;
			proxyType = 1;
			remoteGlobalIDString = 2C200D3A1086FE7A002447D1;
			remoteInfo = InsomniaT;
		};
		2C2012B010871321002447D1 /* PBXContainerItemProxy */ = {
			isa = PBXContainerItemProxy;
			containerPortal = 089C1669FE841209C02AAC07 /* Project object */;
			proxyType = 1;
			remoteGlobalIDString = 2C7F45C6106B612700AEC829;
			remoteInfo = insomniat;
		};
		2C2012C110871447002447D1 /* PBXContainerItemProxy */ = {
			isa = PBXContainerItemProxy;
			containerPortal = 089C1669FE841209C02AAC07 /* Project object */;
			proxyType = 1;
			remoteGlobalIDString = 2C2012B41087137A002447D1;
			remoteInfo = "InsomniaT 10.5";
		};
		2C6FC55B11C03880004D0737 /* PBXContainerItemProxy */ = {
			isa = PBXContainerItemProxy;
			containerPortal = 089C1669FE841209C02AAC07 /* Project object */;
			proxyType = 1;
			remoteGlobalIDString = 2C6FC53211C0379F004D0737;
			remoteInfo = InsomniaTPref;
		};
		2C6FC55F11C038E9004D0737 /* PBXContainerItemProxy */ = {
			isa = PBXContainerItemProxy;
			containerPortal = 089C1669FE841209C02AAC07 /* Project object */;
			proxyType = 1;
			remoteGlobalIDString = 2C6FC53211C0379F004D0737;
			remoteInfo = InsomniaTPref;
		};
		2CA8F0D013DDE1C20097DE37 /* PBXContainerItemProxy */ = {
			isa = PBXContainerItemProxy;
			containerPortal = 089C1669FE841209C02AAC07 /* Project object */;
			proxyType = 1;
			remoteGlobalIDString = 2CA8F0B313DDE10D0097DE37;
			remoteInfo = "InsomniaT Helper";
		};
		2CC544B91088145500992CF8 /* PBXContainerItemProxy */ = {
			isa = PBXContainerItemProxy;
			containerPortal = 089C1669FE841209C02AAC07 /* Project object */;
			proxyType = 1;
			remoteGlobalIDString = 2C2004131086F82E002447D1;
			remoteInfo = all;
		};
/* End PBXContainerItemProxy section */

/* Begin PBXCopyFilesBuildPhase section */
		2CE3756C13CD24590018B7E1 /* CopyFiles */ = {
			isa = PBXCopyFilesBuildPhase;
			buildActionMask = 2147483647;
			dstPath = "";
			dstSubfolderSpec = 6;
			files = (
			);
			runOnlyForDeploymentPostprocessing = 0;
		};
/* End PBXCopyFilesBuildPhase section */

/* Begin PBXFileReference section */
		2C1F2C1D1068086900D5C7AE /* Development Notes.rtf */ = {isa = PBXFileReference; lastKnownFileType = text.rtf; path = "Development Notes.rtf"; sourceTree = "<group>"; };
		2C200D1D1086FDE5002447D1 /* en */ = {isa = PBXFileReference; fileEncoding = 4; lastKnownFileType = text.plist.strings; name = en; path = InfoPlist.strings; sourceTree = "<group>"; };
		2C200D1E1086FDE5002447D1 /* Info.plist */ = {isa = PBXFileReference; fileEncoding = 4; lastKnownFileType = text.plist.xml; path = Info.plist; sourceTree = "<group>"; };
		2C200D1F1086FDE5002447D1 /* InsomniaT.cpp */ = {isa = PBXFileReference; fileEncoding = 4; lastKnownFileType = sourcecode.cpp.cpp; path = InsomniaT.cpp; sourceTree = "<group>"; };
		2C200D201086FDE5002447D1 /* InsomniaT.h */ = {isa = PBXFileReference; fileEncoding = 4; lastKnownFileType = sourcecode.c.h; path = InsomniaT.h; sourceTree = "<group>"; };
		2C200D211086FDE5002447D1 /* InsomniaTUserClient.cpp */ = {isa = PBXFileReference; fileEncoding = 4; lastKnownFileType = sourcecode.cpp.cpp; path = InsomniaTUserClient.cpp; sourceTree = "<group>"; };
		2C200D221086FDE5002447D1 /* InsomniaTUserClient.h */ = {isa = PBXFileReference; fileEncoding = 4; lastKnownFileType = sourcecode.c.h; path = InsomniaTUserClient.h; sourceTree = "<group>"; };
		2C200E21108703B9002447D1 /* InsomniaTTest.m */ = {isa = PBXFileReference; fileEncoding = 4; lastKnownFileType = sourcecode.c.objc; path = InsomniaTTest.m; sourceTree = "<group>"; };
		2C200E22108703B9002447D1 /* InsomniaTTest.h */ = {isa = PBXFileReference; fileEncoding = 4; lastKnownFileType = sourcecode.c.h; path = InsomniaTTest.h; sourceTree = "<group>"; };
		2C200E23108703B9002447D1 /* Info.plist */ = {isa = PBXFileReference; fileEncoding = 4; lastKnownFileType = text.plist.xml; path = Info.plist; sourceTree = "<group>"; };
		2C200E2F108704F8002447D1 /* IOKit.framework */ = {isa = PBXFileReference; explicitFileType = wrapper.framework; name = IOKit.framework; path = System/Library/Frameworks/IOKit.framework; sourceTree = SDKROOT; };
		2C2012E710871669002447D1 /* InsomniaT.kext */ = {isa = PBXFileReference; explicitFileType = wrapper.cfbundle; includeInIndex = 0; path = InsomniaT.kext; sourceTree = BUILT_PRODUCTS_DIR; };
		2C2012E810871685002447D1 /* InsomniaT (10.5).kext */ = {isa = PBXFileReference; explicitFileType = wrapper.cfbundle; includeInIndex = 0; path = "InsomniaT (10.5).kext"; sourceTree = BUILT_PRODUCTS_DIR; };
		2C2016EB10871751002447D1 /* insomniat */ = {isa = PBXFileReference; explicitFileType = "compiled.mach-o.executable"; includeInIndex = 0; path = insomniat; sourceTree = BUILT_PRODUCTS_DIR; };
		2C20170D108719E0002447D1 /* insomniat.h */ = {isa = PBXFileReference; fileEncoding = 4; lastKnownFileType = sourcecode.c.h; path = insomniat.h; sourceTree = "<group>"; };
		2C20170E108719E0002447D1 /* insomniat.m */ = {isa = PBXFileReference; fileEncoding = 4; lastKnownFileType = sourcecode.c.objc; path = insomniat.m; sourceTree = "<group>"; };
		2C201B5610872E29002447D1 /* ChangeLog.rtf */ = {isa = PBXFileReference; lastKnownFileType = text.rtf; path = ChangeLog.rtf; sourceTree = "<group>"; };
		2C201C0E1087ABF9002447D1 /* Cocoa.framework */ = {isa = PBXFileReference; lastKnownFileType = wrapper.framework; name = Cocoa.framework; path = System/Library/Frameworks/Cocoa.framework; sourceTree = SDKROOT; };
		2C239D2313E79AA800D636B1 /* en */ = {isa = PBXFileReference; lastKnownFileType = text.plist.strings; name = en; path = InfoPlist.strings; sourceTree = "<group>"; };
		2C24479B106C30C50088C89C /* Makefile */ = {isa = PBXFileReference; fileEncoding = 4; lastKnownFileType = sourcecode.make; path = Makefile; sourceTree = "<group>"; };
		2C3F4FE013CD423A00214796 /* loadKernelExtension.sh */ = {isa = PBXFileReference; fileEncoding = 4; lastKnownFileType = text.script.sh; path = loadKernelExtension.sh; sourceTree = "<group>"; };
		2C3F4FED13CD46F000214796 /* License.rtf */ = {isa = PBXFileReference; lastKnownFileType = text.rtf; path = License.rtf; sourceTree = "<group>"; };
		2C3F4FEF13CD479400214796 /* Welcome.rtf */ = {isa = PBXFileReference; lastKnownFileType = text.rtf; path = Welcome.rtf; sourceTree = "<group>"; };
		2C3F4FF613CD4A6500214796 /* coffee-cup-192.png */ = {isa = PBXFileReference; lastKnownFileType = image.png; name = "coffee-cup-192.png"; path = "../prefpane/coffee-cup-192.png"; sourceTree = "<group>"; };
		2C3F508013CDF1AA00214796 /* Uninstall InsomniaT.applescript */ = {isa = PBXFileReference; fileEncoding = 4; lastKnownFileType = sourcecode.applescript; path = "Uninstall InsomniaT.applescript"; sourceTree = "<group>"; };
		2C6FC36B11C02F05004D0737 /* InsomniaTPref.m */ = {isa = PBXFileReference; fileEncoding = 4; lastKnownFileType = sourcecode.c.objc; path = InsomniaTPref.m; sourceTree = "<group>"; };
		2C6FC36C11C02F05004D0737 /* InsomniaTStatus.m */ = {isa = PBXFileReference; fileEncoding = 4; lastKnownFileType = sourcecode.c.objc; path = InsomniaTStatus.m; sourceTree = "<group>"; };
		2C6FC36D11C02F05004D0737 /* InsomniaTPref.h */ = {isa = PBXFileReference; fileEncoding = 4; lastKnownFileType = sourcecode.c.h; path = InsomniaTPref.h; sourceTree = "<group>"; };
		2C6FC36E11C02F05004D0737 /* InsomniaTPrefController.m */ = {isa = PBXFileReference; fileEncoding = 4; lastKnownFileType = sourcecode.c.objc; path = InsomniaTPrefController.m; sourceTree = "<group>"; };
		2C6FC36F11C02F05004D0737 /* InsomniaTPrefController.h */ = {isa = PBXFileReference; fileEncoding = 4; lastKnownFileType = sourcecode.c.h; path = InsomniaTPrefController.h; sourceTree = "<group>"; };
		2C6FC37011C02F05004D0737 /* InsomniaTStatus.h */ = {isa = PBXFileReference; fileEncoding = 4; lastKnownFileType = sourcecode.c.h; path = InsomniaTStatus.h; sourceTree = "<group>"; };
		2C6FC37111C02F05004D0737 /* Info.plist */ = {isa = PBXFileReference; fileEncoding = 4; lastKnownFileType = text.plist.xml; path = Info.plist; sourceTree = "<group>"; };
		2C6FC37211C02F05004D0737 /* Coffee Cup.icns */ = {isa = PBXFileReference; lastKnownFileType = image.icns; path = "Coffee Cup.icns"; sourceTree = "<group>"; };
		2C6FC4E411C035A4004D0737 /* PreferencePanes.framework */ = {isa = PBXFileReference; lastKnownFileType = wrapper.framework; name = PreferencePanes.framework; path = System/Library/Frameworks/PreferencePanes.framework; sourceTree = SDKROOT; };
		2C6FC53311C0379F004D0737 /* InsomniaT.prefPane */ = {isa = PBXFileReference; explicitFileType = wrapper.cfbundle; includeInIndex = 0; path = InsomniaT.prefPane; sourceTree = BUILT_PRODUCTS_DIR; };
		2C6FCD1611C04738004D0737 /* uninstallInsomniaT.sh */ = {isa = PBXFileReference; fileEncoding = 4; lastKnownFileType = text.script.sh; path = uninstallInsomniaT.sh; sourceTree = "<group>"; };
		2C6FCDA411C054AC004D0737 /* en */ = {isa = PBXFileReference; lastKnownFileType = file.xib; name = en; path = InsomniaTPref.xib; sourceTree = "<group>"; };
		2CA53D1513DDA75800FD2F33 /* CoreServices.framework */ = {isa = PBXFileReference; lastKnownFileType = wrapper.framework; name = CoreServices.framework; path = System/Library/Frameworks/CoreServices.framework; sourceTree = SDKROOT; };
		2CA8F0B413DDE10D0097DE37 /* InsomniaT Helper.app */ = {isa = PBXFileReference; explicitFileType = wrapper.application; includeInIndex = 0; path = "InsomniaT Helper.app"; sourceTree = BUILT_PRODUCTS_DIR; };
		2CA8F0B613DDE10D0097DE37 /* InsomniaT Helper-Info.plist */ = {isa = PBXFileReference; lastKnownFileType = text.plist.xml; path = "InsomniaT Helper-Info.plist"; sourceTree = "<group>"; };
		2CA8F0CE13DDE1B20097DE37 /* Coffee Cup.icns */ = {isa = PBXFileReference; lastKnownFileType = image.icns; path = "Coffee Cup.icns"; sourceTree = "<group>"; };
		2CA8F27513DDE2CB0097DE37 /* untitled.xcclassmodel */ = {isa = PBXFileReference; lastKnownFileType = wrapper.xcclassmodel; name = untitled.xcclassmodel; path = src/helper/untitled.xcclassmodel; sourceTree = "<group>"; };
		2CA8F27813DDE3050097DE37 /* Info.plist */ = {isa = PBXFileReference; fileEncoding = 4; lastKnownFileType = text.plist.xml; path = Info.plist; sourceTree = "<group>"; };
		2CC5441C1087B6E200992CF8 /* InsomniaTTest.octest */ = {isa = PBXFileReference; explicitFileType = wrapper.cfbundle; includeInIndex = 0; path = InsomniaTTest.octest; sourceTree = BUILT_PRODUCTS_DIR; };
/* End PBXFileReference section */

/* Begin PBXFrameworksBuildPhase section */
		2C200D391086FE7A002447D1 /* Frameworks */ = {
			isa = PBXFrameworksBuildPhase;
			buildActionMask = 2147483647;
			files = (
			);
			runOnlyForDeploymentPostprocessing = 0;
		};
		2C2012B81087137A002447D1 /* Frameworks */ = {
			isa = PBXFrameworksBuildPhase;
			buildActionMask = 2147483647;
			files = (
			);
			runOnlyForDeploymentPostprocessing = 0;
		};
		2C24428D106BDB4F0088C89C /* Frameworks */ = {
			isa = PBXFrameworksBuildPhase;
			buildActionMask = 2147483647;
			files = (
				2C2012341087074A002447D1 /* IOKit.framework in Frameworks */,
			);
			runOnlyForDeploymentPostprocessing = 0;
		};
		2C6FC53111C0379F004D0737 /* Frameworks */ = {
			isa = PBXFrameworksBuildPhase;
			buildActionMask = 2147483647;
			files = (
				2C6FC53811C037B7004D0737 /* PreferencePanes.framework in Frameworks */,
				2C6FC53911C037BD004D0737 /* IOKit.framework in Frameworks */,
				2C6FC53A11C037C3004D0737 /* Cocoa.framework in Frameworks */,
			);
			runOnlyForDeploymentPostprocessing = 0;
		};
		2C7F45C5106B612700AEC829 /* Frameworks */ = {
			isa = PBXFrameworksBuildPhase;
			buildActionMask = 2147483647;
			files = (
				2C2012F21087171C002447D1 /* IOKit.framework in Frameworks */,
			);
			runOnlyForDeploymentPostprocessing = 0;
		};
		2CA8F0B213DDE10D0097DE37 /* Frameworks */ = {
			isa = PBXFrameworksBuildPhase;
			buildActionMask = 2147483647;
			files = (
				2CA8F0BA13DDE1340097DE37 /* Cocoa.framework in Frameworks */,
			);
			runOnlyForDeploymentPostprocessing = 0;
		};
/* End PBXFrameworksBuildPhase section */

/* Begin PBXGroup section */
		089C166AFE841209C02AAC07 /* InsomniaT */ = {
			isa = PBXGroup;
			children = (
				2C201B9610873EC4002447D1 /* Documents */,
				247142CAFF3F8F9811CA285C /* Source */,
				2C2442EA106BE6550088C89C /* test */,
				2C24479B106C30C50088C89C /* Makefile */,
				2C2004581086FD32002447D1 /* Frameworks */,
				2C200D3C1086FE7A002447D1 /* Products */,
				2CA8F0B613DDE10D0097DE37 /* InsomniaT Helper-Info.plist */,
			);
			name = InsomniaT;
			sourceTree = "<group>";
		};
		247142CAFF3F8F9811CA285C /* Source */ = {
			isa = PBXGroup;
			children = (
				2CA8F0A213DDE0770097DE37 /* helper */,
				2CD2F39311BEECE500E216F6 /* prefpane */,
				2C20032D1086EF34002447D1 /* kext */,
				2C2442E9106BE6400088C89C /* cli */,
				2C201B2110871BF3002447D1 /* installer */,
			);
			name = Source;
			sourceTree = "<group>";
		};
		2C20032D1086EF34002447D1 /* kext */ = {
			isa = PBXGroup;
			children = (
				2C200D1B1086FDE5002447D1 /* en.lproj */,
				2C200D1E1086FDE5002447D1 /* Info.plist */,
				2C200D1F1086FDE5002447D1 /* InsomniaT.cpp */,
				2C200D201086FDE5002447D1 /* InsomniaT.h */,
				2C200D211086FDE5002447D1 /* InsomniaTUserClient.cpp */,
				2C200D221086FDE5002447D1 /* InsomniaTUserClient.h */,
			);
			name = kext;
			path = src/kext;
			sourceTree = "<group>";
		};
		2C2004581086FD32002447D1 /* Frameworks */ = {
			isa = PBXGroup;
			children = (
				2C6FC4E411C035A4004D0737 /* PreferencePanes.framework */,
				2C201C0E1087ABF9002447D1 /* Cocoa.framework */,
				2C200E2F108704F8002447D1 /* IOKit.framework */,
				2CA53D1513DDA75800FD2F33 /* CoreServices.framework */,
			);
			name = Frameworks;
			sourceTree = "<group>";
		};
		2C200D1B1086FDE5002447D1 /* en.lproj */ = {
			isa = PBXGroup;
			children = (
				2C200D1C1086FDE5002447D1 /* InfoPlist.strings */,
			);
			path = en.lproj;
			sourceTree = "<group>";
		};
		2C200D3C1086FE7A002447D1 /* Products */ = {
			isa = PBXGroup;
			children = (
				2C2012E710871669002447D1 /* InsomniaT.kext */,
				2C2012E810871685002447D1 /* InsomniaT (10.5).kext */,
				2C2016EB10871751002447D1 /* insomniat */,
				2CC5441C1087B6E200992CF8 /* InsomniaTTest.octest */,
				2C6FC53311C0379F004D0737 /* InsomniaT.prefPane */,
				2CA8F0B413DDE10D0097DE37 /* InsomniaT Helper.app */,
			);
			name = Products;
			sourceTree = "<group>";
		};
		2C201B2110871BF3002447D1 /* installer */ = {
			isa = PBXGroup;
			children = (
				2C3F4FF613CD4A6500214796 /* coffee-cup-192.png */,
				2C6FCD0E11C03B5A004D0737 /* scripts */,
			);
			comments = "The installer package is not put in here, Reveal in Finder to see and edit it.";
			name = installer;
			path = src/installer;
			sourceTree = "<group>";
		};
		2C201B9610873EC4002447D1 /* Documents */ = {
			isa = PBXGroup;
			children = (
				2CA8F27513DDE2CB0097DE37 /* untitled.xcclassmodel */,
				2C1F2C1D1068086900D5C7AE /* Development Notes.rtf */,
				2C201B5610872E29002447D1 /* ChangeLog.rtf */,
				2C3F4FED13CD46F000214796 /* License.rtf */,
				2C3F4FEF13CD479400214796 /* Welcome.rtf */,
			);
			name = Documents;
			sourceTree = "<group>";
		};
		2C2442E9106BE6400088C89C /* cli */ = {
			isa = PBXGroup;
			children = (
				2C20170D108719E0002447D1 /* insomniat.h */,
				2C20170E108719E0002447D1 /* insomniat.m */,
			);
			name = cli;
			path = src/cli;
			sourceTree = "<group>";
		};
		2C2442EA106BE6550088C89C /* test */ = {
			isa = PBXGroup;
			children = (
				2C200E21108703B9002447D1 /* InsomniaTTest.m */,
				2C200E22108703B9002447D1 /* InsomniaTTest.h */,
				2C200E23108703B9002447D1 /* Info.plist */,
			);
			name = test;
			path = src/test;
			sourceTree = "<group>";
		};
		2C6FCD0E11C03B5A004D0737 /* scripts */ = {
			isa = PBXGroup;
			children = (
				2C6FCD1611C04738004D0737 /* uninstallInsomniaT.sh */,
				2C3F4FE013CD423A00214796 /* loadKernelExtension.sh */,
				2C3F508013CDF1AA00214796 /* Uninstall InsomniaT.applescript */,
			);
			path = scripts;
			sourceTree = "<group>";
		};
		2C6FCDA011C054AC004D0737 /* en.lproj */ = {
			isa = PBXGroup;
			children = (
				2C6FCDA311C054AC004D0737 /* InsomniaTPref.xib */,
				2C239D2213E79AA800D636B1 /* InfoPlist.strings */,
			);
			path = en.lproj;
			sourceTree = "<group>";
		};
		2CA8F0A213DDE0770097DE37 /* helper */ = {
			isa = PBXGroup;
			children = (
				2CA8F0CE13DDE1B20097DE37 /* Coffee Cup.icns */,
				2CA8F27813DDE3050097DE37 /* Info.plist */,
			);
			name = helper;
			path = src/helper;
			sourceTree = "<group>";
		};
		2CD2F39311BEECE500E216F6 /* prefpane */ = {
			isa = PBXGroup;
			children = (
				2C6FC37211C02F05004D0737 /* Coffee Cup.icns */,
				2C6FCDA011C054AC004D0737 /* en.lproj */,
				2C6FC36B11C02F05004D0737 /* InsomniaTPref.m */,
				2C6FC36C11C02F05004D0737 /* InsomniaTStatus.m */,
				2C6FC36D11C02F05004D0737 /* InsomniaTPref.h */,
				2C6FC36E11C02F05004D0737 /* InsomniaTPrefController.m */,
				2C6FC36F11C02F05004D0737 /* InsomniaTPrefController.h */,
				2C6FC37011C02F05004D0737 /* InsomniaTStatus.h */,
				2C6FC37111C02F05004D0737 /* Info.plist */,
			);
			name = prefpane;
			path = src/prefpane;
			sourceTree = "<group>";
		};
/* End PBXGroup section */

/* Begin PBXLegacyTarget section */
		2C201B66108733DC002447D1 /* Installer */ = {
			isa = PBXLegacyTarget;
			buildArgumentsString = "$(ACTION)";
			buildConfigurationList = 2C201B69108733FB002447D1 /* Build configuration list for PBXLegacyTarget "Installer" */;
			buildPhases = (
			);
			buildToolPath = make;
			dependencies = (
				2CC544BA1088145500992CF8 /* PBXTargetDependency */,
			);
			name = Installer;
			passBuildSettingsInEnvironment = 1;
			productName = Untitled;
		};
/* End PBXLegacyTarget section */

/* Begin PBXNativeTarget section */
		2C200D3A1086FE7A002447D1 /* InsomniaT Kernel Extension */ = {
			isa = PBXNativeTarget;
			buildConfigurationList = 2C200D401086FE7B002447D1 /* Build configuration list for PBXNativeTarget "InsomniaT Kernel Extension" */;
			buildPhases = (
				2C200D371086FE7A002447D1 /* Sources */,
				2C200D391086FE7A002447D1 /* Frameworks */,
				2C20129710871181002447D1 /* Resources */,
			);
			buildRules = (
			);
			comments = "This is the main kernel extension.  It needs to be compiled against 10.6 to be able to execute in 10.6 as a 32-bt/64-bit binary";
			dependencies = (
			);
			name = "InsomniaT Kernel Extension";
			productName = InsomniaT;
			productReference = 2C2012E710871669002447D1 /* InsomniaT.kext */;
			productType = "com.apple.product-type.kernel-extension.iokit";
		};
		2C2012B41087137A002447D1 /* InsomniaT Kernel Extension 10.5 */ = {
			isa = PBXNativeTarget;
			buildConfigurationList = 2C2012BA1087137A002447D1 /* Build configuration list for PBXNativeTarget "InsomniaT Kernel Extension 10.5" */;
			buildPhases = (
				2C2012B51087137A002447D1 /* Sources */,
				2C2012B81087137A002447D1 /* Frameworks */,
				2C2012B91087137A002447D1 /* Resources */,
			);
			buildRules = (
			);
			comments = "This is the main kernel extension.  It needs to be compiled against 10.5 to be able to execute in 10.5 as a 32-bit only";
			dependencies = (
			);
			name = "InsomniaT Kernel Extension 10.5";
			productName = InsomniaT;
			productReference = 2C2012E810871685002447D1 /* InsomniaT (10.5).kext */;
			productType = "com.apple.product-type.kernel-extension.iokit";
		};
		2C24428F106BDB4F0088C89C /* InsomniaTTest */ = {
			isa = PBXNativeTarget;
			buildConfigurationList = 2C244295106BDB500088C89C /* Build configuration list for PBXNativeTarget "InsomniaTTest" */;
			buildPhases = (
				2C24428B106BDB4F0088C89C /* Resources */,
				2C24428C106BDB4F0088C89C /* Sources */,
				2C24428D106BDB4F0088C89C /* Frameworks */,
				2C24428E106BDB4F0088C89C /* ShellScript */,
			);
			buildRules = (
			);
			dependencies = (
				2C6FC56011C038E9004D0737 /* PBXTargetDependency */,
			);
			name = InsomniaTTest;
			productName = InsomniaTTest;
			productReference = 2CC5441C1087B6E200992CF8 /* InsomniaTTest.octest */;
			productType = "com.apple.product-type.bundle";
		};
		2C6FC53211C0379F004D0737 /* InsomniaTPref */ = {
			isa = PBXNativeTarget;
			buildConfigurationList = 2C6FC53B11C03802004D0737 /* Build configuration list for PBXNativeTarget "InsomniaTPref" */;
			buildPhases = (
				2C6FC52F11C0379F004D0737 /* Resources */,
				2C6FC53011C0379F004D0737 /* Sources */,
				2C6FC53111C0379F004D0737 /* Frameworks */,
				2CE3756C13CD24590018B7E1 /* CopyFiles */,
			);
			buildRules = (
			);
			dependencies = (
			);
			name = InsomniaTPref;
			productName = InsomniaTPref;
			productReference = 2C6FC53311C0379F004D0737 /* InsomniaT.prefPane */;
			productType = "com.apple.product-type.bundle";
		};
		2C7F45C6106B612700AEC829 /* insomniat */ = {
			isa = PBXNativeTarget;
			buildConfigurationList = 2C7F45CB106B613900AEC829 /* Build configuration list for PBXNativeTarget "insomniat" */;
			buildPhases = (
				2C7F45C4106B612700AEC829 /* Sources */,
				2C7F45C5106B612700AEC829 /* Frameworks */,
			);
			buildRules = (
			);
			dependencies = (
			);
			name = insomniat;
			productName = TestClient;
			productReference = 2C2016EB10871751002447D1 /* insomniat */;
			productType = "com.apple.product-type.tool";
		};
		2CA8F0B313DDE10D0097DE37 /* InsomniaT Helper */ = {
			isa = PBXNativeTarget;
			buildConfigurationList = 2CA8F0B913DDE10E0097DE37 /* Build configuration list for PBXNativeTarget "InsomniaT Helper" */;
			buildPhases = (
				2CA8F0B013DDE10D0097DE37 /* Resources */,
				2CA8F0B113DDE10D0097DE37 /* Sources */,
				2CA8F0B213DDE10D0097DE37 /* Frameworks */,
			);
			buildRules = (
			);
			dependencies = (
			);
			name = "InsomniaT Helper";
			productName = "InsomniaT Helper";
			productReference = 2CA8F0B413DDE10D0097DE37 /* InsomniaT Helper.app */;
			productType = "com.apple.product-type.application";
		};
/* End PBXNativeTarget section */

/* Begin PBXProject section */
		089C1669FE841209C02AAC07 /* Project object */ = {
			isa = PBXProject;
			attributes = {
				LastUpgradeCheck = 0410;
				ORGANIZATIONNAME = trajano.net;
			};
			buildConfigurationList = 1DEB91DD08733DB10010E9CD /* Build configuration list for PBXProject "InsomniaT" */;
			compatibilityVersion = "Xcode 3.2";
			developmentRegion = English;
			hasScannedForEncodings = 1;
			knownRegions = (
				English,
				Japanese,
				French,
				German,
				en,
			);
			mainGroup = 089C166AFE841209C02AAC07 /* InsomniaT */;
			productRefGroup = 2C200D3C1086FE7A002447D1 /* Products */;
			projectDirPath = "";
			projectRoot = "";
			targets = (
				2C2004131086F82E002447D1 /* all */,
				2C7F45C6106B612700AEC829 /* insomniat */,
				2C200D3A1086FE7A002447D1 /* InsomniaT Kernel Extension */,
				2C2012B41087137A002447D1 /* InsomniaT Kernel Extension 10.5 */,
				2C24428F106BDB4F0088C89C /* InsomniaTTest */,
				2C6FC53211C0379F004D0737 /* InsomniaTPref */,
				2C201B66108733DC002447D1 /* Installer */,
				2CA8F0B313DDE10D0097DE37 /* InsomniaT Helper */,
			);
		};
/* End PBXProject section */

/* Begin PBXResourcesBuildPhase section */
		2C20129710871181002447D1 /* Resources */ = {
			isa = PBXResourcesBuildPhase;
			buildActionMask = 2147483647;
			files = (
			);
			runOnlyForDeploymentPostprocessing = 0;
		};
		2C2012B91087137A002447D1 /* Resources */ = {
			isa = PBXResourcesBuildPhase;
			buildActionMask = 2147483647;
			files = (
			);
			runOnlyForDeploymentPostprocessing = 0;
		};
		2C24428B106BDB4F0088C89C /* Resources */ = {
			isa = PBXResourcesBuildPhase;
			buildActionMask = 2147483647;
			files = (
			);
			runOnlyForDeploymentPostprocessing = 0;
		};
		2C6FC52F11C0379F004D0737 /* Resources */ = {
			isa = PBXResourcesBuildPhase;
			buildActionMask = 2147483647;
			files = (
				2C6FC54611C03841004D0737 /* Coffee Cup.icns in Resources */,
				2C6FCDA611C054AC004D0737 /* InsomniaTPref.xib in Resources */,
			);
			runOnlyForDeploymentPostprocessing = 0;
		};
		2CA8F0B013DDE10D0097DE37 /* Resources */ = {
			isa = PBXResourcesBuildPhase;
			buildActionMask = 2147483647;
			files = (
				2CA8F0CF13DDE1B20097DE37 /* Coffee Cup.icns in Resources */,
				2CA8F27913DDE3050097DE37 /* Info.plist in Resources */,
			);
			runOnlyForDeploymentPostprocessing = 0;
		};
/* End PBXResourcesBuildPhase section */

/* Begin PBXShellScriptBuildPhase section */
		2C24428E106BDB4F0088C89C /* ShellScript */ = {
			isa = PBXShellScriptBuildPhase;
			buildActionMask = 2147483647;
			files = (
			);
			inputPaths = (
			);
			outputPaths = (
			);
			runOnlyForDeploymentPostprocessing = 0;
			shellPath = /bin/sh;
			shellScript = "# Run the unit tests in this test bundle.\n\"${SYSTEM_DEVELOPER_DIR}/Tools/RunUnitTests\"\n";
		};
/* End PBXShellScriptBuildPhase section */

/* Begin PBXSourcesBuildPhase section */
		2C200D371086FE7A002447D1 /* Sources */ = {
			isa = PBXSourcesBuildPhase;
			buildActionMask = 2147483647;
			files = (
				2C200D6B10870044002447D1 /* InsomniaTUserClient.cpp in Sources */,
				2C200D6A10870039002447D1 /* InsomniaT.cpp in Sources */,
			);
			runOnlyForDeploymentPostprocessing = 0;
		};
		2C2012B51087137A002447D1 /* Sources */ = {
			isa = PBXSourcesBuildPhase;
			buildActionMask = 2147483647;
			files = (
				2C2012B61087137A002447D1 /* InsomniaTUserClient.cpp in Sources */,
				2C2012B71087137A002447D1 /* InsomniaT.cpp in Sources */,
			);
			runOnlyForDeploymentPostprocessing = 0;
		};
		2C24428C106BDB4F0088C89C /* Sources */ = {
			isa = PBXSourcesBuildPhase;
			buildActionMask = 2147483647;
			files = (
				2C200E24108703B9002447D1 /* InsomniaTTest.m in Sources */,
			);
			runOnlyForDeploymentPostprocessing = 0;
		};
		2C6FC53011C0379F004D0737 /* Sources */ = {
			isa = PBXSourcesBuildPhase;
			buildActionMask = 2147483647;
			files = (
				2C6FC54311C03841004D0737 /* InsomniaTPref.m in Sources */,
				2C6FC54411C03841004D0737 /* InsomniaTStatus.m in Sources */,
				2C6FC54511C03841004D0737 /* InsomniaTPrefController.m in Sources */,
			);
			runOnlyForDeploymentPostprocessing = 0;
		};
		2C7F45C4106B612700AEC829 /* Sources */ = {
			isa = PBXSourcesBuildPhase;
			buildActionMask = 2147483647;
			files = (
				2C20170F108719E0002447D1 /* insomniat.m in Sources */,
			);
			runOnlyForDeploymentPostprocessing = 0;
		};
		2CA8F0B113DDE10D0097DE37 /* Sources */ = {
			isa = PBXSourcesBuildPhase;
			buildActionMask = 2147483647;
			files = (
			);
			runOnlyForDeploymentPostprocessing = 0;
		};
/* End PBXSourcesBuildPhase section */

/* Begin PBXTargetDependency section */
		2C20041B1086F84B002447D1 /* PBXTargetDependency */ = {
			isa = PBXTargetDependency;
			target = 2C24428F106BDB4F0088C89C /* InsomniaTTest */;
			targetProxy = 2C20041A1086F84B002447D1 /* PBXContainerItemProxy */;
		};
		2C200D631086FF4B002447D1 /* PBXTargetDependency */ = {
			isa = PBXTargetDependency;
			target = 2C200D3A1086FE7A002447D1 /* InsomniaT Kernel Extension */;
			targetProxy = 2C200D621086FF4B002447D1 /* PBXContainerItemProxy */;
		};
		2C2012B110871321002447D1 /* PBXTargetDependency */ = {
			isa = PBXTargetDependency;
			target = 2C7F45C6106B612700AEC829 /* insomniat */;
			targetProxy = 2C2012B010871321002447D1 /* PBXContainerItemProxy */;
		};
		2C2012C210871447002447D1 /* PBXTargetDependency */ = {
			isa = PBXTargetDependency;
			target = 2C2012B41087137A002447D1 /* InsomniaT Kernel Extension 10.5 */;
			targetProxy = 2C2012C110871447002447D1 /* PBXContainerItemProxy */;
		};
		2C6FC55C11C03880004D0737 /* PBXTargetDependency */ = {
			isa = PBXTargetDependency;
			target = 2C6FC53211C0379F004D0737 /* InsomniaTPref */;
			targetProxy = 2C6FC55B11C03880004D0737 /* PBXContainerItemProxy */;
		};
		2C6FC56011C038E9004D0737 /* PBXTargetDependency */ = {
			isa = PBXTargetDependency;
			target = 2C6FC53211C0379F004D0737 /* InsomniaTPref */;
			targetProxy = 2C6FC55F11C038E9004D0737 /* PBXContainerItemProxy */;
		};
		2CA8F0D113DDE1C20097DE37 /* PBXTargetDependency */ = {
			isa = PBXTargetDependency;
			target = 2CA8F0B313DDE10D0097DE37 /* InsomniaT Helper */;
			targetProxy = 2CA8F0D013DDE1C20097DE37 /* PBXContainerItemProxy */;
		};
		2CC544BA1088145500992CF8 /* PBXTargetDependency */ = {
			isa = PBXTargetDependency;
			target = 2C2004131086F82E002447D1 /* all */;
			targetProxy = 2CC544B91088145500992CF8 /* PBXContainerItemProxy */;
		};
/* End PBXTargetDependency section */

/* Begin PBXVariantGroup section */
		2C200D1C1086FDE5002447D1 /* InfoPlist.strings */ = {
			isa = PBXVariantGroup;
			children = (
				2C200D1D1086FDE5002447D1 /* en */,
			);
			name = InfoPlist.strings;
			sourceTree = "<group>";
		};
		2C239D2213E79AA800D636B1 /* InfoPlist.strings */ = {
			isa = PBXVariantGroup;
			children = (
				2C239D2313E79AA800D636B1 /* en */,
			);
			name = InfoPlist.strings;
			sourceTree = "<group>";
		};
		2C6FCDA311C054AC004D0737 /* InsomniaTPref.xib */ = {
			isa = PBXVariantGroup;
			children = (
				2C6FCDA411C054AC004D0737 /* en */,
			);
			name = InsomniaTPref.xib;
			sourceTree = "<group>";
		};
/* End PBXVariantGroup section */

/* Begin XCBuildConfiguration section */
		1DEB91DE08733DB10010E9CD /* Debug */ = {
			isa = XCBuildConfiguration;
			buildSettings = {
				ARCHS = "$(ARCHS_STANDARD_32_64_BIT)";
				CURRENT_PROJECT_VERSION = 3.0.2;
				GCC_C_LANGUAGE_STANDARD = gnu99;
				GCC_ENABLE_OBJC_GC = required;
				GCC_OPTIMIZATION_LEVEL = 0;
				GCC_WARN_ABOUT_RETURN_TYPE = YES;
				GCC_WARN_UNUSED_VARIABLE = YES;
				ONLY_ACTIVE_ARCH = NO;
				SDKROOT = macosx10.6;
			};
			name = Debug;
		};
		1DEB91DF08733DB10010E9CD /* Release */ = {
			isa = XCBuildConfiguration;
			buildSettings = {
				ARCHS = "$(ARCHS_STANDARD_32_64_BIT)";
				CURRENT_PROJECT_VERSION = 3.0.2;
				GCC_C_LANGUAGE_STANDARD = gnu99;
				GCC_ENABLE_OBJC_GC = required;
				GCC_WARN_ABOUT_RETURN_TYPE = YES;
				GCC_WARN_UNUSED_VARIABLE = YES;
				ONLY_ACTIVE_ARCH = NO;
				SDKROOT = macosx10.6;
			};
			name = Release;
		};
		2C2004141086F82E002447D1 /* Debug */ = {
			isa = XCBuildConfiguration;
			buildSettings = {
				COPY_PHASE_STRIP = NO;
				GCC_DYNAMIC_NO_PIC = NO;
				GCC_OPTIMIZATION_LEVEL = 0;
				PRODUCT_NAME = all;
			};
			name = Debug;
		};
		2C2004151086F82E002447D1 /* Release */ = {
			isa = XCBuildConfiguration;
			buildSettings = {
				COPY_PHASE_STRIP = YES;
				DEBUG_INFORMATION_FORMAT = "dwarf-with-dsym";
				PRODUCT_NAME = all;
				ZERO_LINK = NO;
			};
			name = Release;
		};
		2C200D3E1086FE7B002447D1 /* Debug */ = {
			isa = XCBuildConfiguration;
			buildSettings = {
				ALWAYS_SEARCH_USER_PATHS = NO;
				CONFIGURATION_BUILD_DIR = "$(BUILD_DIR)/$(CONFIGURATION)$(EFFECTIVE_PLATFORM_NAME)";
				CONFIGURATION_TEMP_DIR = "$(PROJECT_TEMP_DIR)/${SDKROOT}/$(CONFIGURATION)$(EFFECTIVE_PLATFORM_NAME)";
				COPY_PHASE_STRIP = NO;
				DEBUG_INFORMATION_FORMAT = "dwarf-with-dsym";
				GCC_DYNAMIC_NO_PIC = NO;
				GCC_MODEL_TUNING = G5;
				GCC_OPTIMIZATION_LEVEL = 0;
				INFOPLIST_FILE = src/kext/Info.plist;
				INSTALL_GROUP = wheel;
				INSTALL_OWNER = root;
				INSTALL_PATH = "$(SYSTEM_LIBRARY_DIR)/Extensions";
				LINK_WITH_STANDARD_LIBRARIES = YES;
				MACH_O_TYPE = mh_execute;
				MODULE_NAME = net.trajano.driver.InsomniaT;
				MODULE_VERSION = "${CURRENT_PROJECT_VERSION}";
				OTHER_LDFLAGS = "";
				PRODUCT_NAME = InsomniaT;
				SDKROOT = macosx;
				VALID_ARCHS = "i386 x86_64";
				WRAPPER_EXTENSION = kext;
			};
			name = Debug;
		};
		2C200D3F1086FE7B002447D1 /* Release */ = {
			isa = XCBuildConfiguration;
			buildSettings = {
				ALWAYS_SEARCH_USER_PATHS = NO;
				CONFIGURATION_BUILD_DIR = "$(BUILD_DIR)/$(CONFIGURATION)$(EFFECTIVE_PLATFORM_NAME)";
				CONFIGURATION_TEMP_DIR = "$(PROJECT_TEMP_DIR)/${SDKROOT}/$(CONFIGURATION)$(EFFECTIVE_PLATFORM_NAME)";
				COPY_PHASE_STRIP = YES;
				DEBUG_INFORMATION_FORMAT = "dwarf-with-dsym";
				GCC_MODEL_TUNING = G5;
				INFOPLIST_FILE = src/kext/Info.plist;
				INSTALL_GROUP = wheel;
				INSTALL_OWNER = root;
				INSTALL_PATH = "$(SYSTEM_LIBRARY_DIR)/Extensions";
				LINK_WITH_STANDARD_LIBRARIES = YES;
				MACH_O_TYPE = mh_execute;
				MODULE_NAME = net.trajano.driver.InsomniaT;
				MODULE_VERSION = "${CURRENT_PROJECT_VERSION}";
				OTHER_LDFLAGS = "";
				PRODUCT_NAME = InsomniaT;
				SDKROOT = macosx;
				VALID_ARCHS = "i386 x86_64";
				WRAPPER_EXTENSION = kext;
				ZERO_LINK = NO;
			};
			name = Release;
		};
		2C2012BB1087137A002447D1 /* Debug */ = {
			isa = XCBuildConfiguration;
			buildSettings = {
				ALWAYS_SEARCH_USER_PATHS = NO;
				ARCHS = "$(ARCHS_STANDARD_32_BIT)";
				CONFIGURATION_BUILD_DIR = "$(BUILD_DIR)/$(CONFIGURATION)$(EFFECTIVE_PLATFORM_NAME)";
				CONFIGURATION_TEMP_DIR = "$(PROJECT_TEMP_DIR)/${SDKROOT}/$(CONFIGURATION)$(EFFECTIVE_PLATFORM_NAME)";
				COPY_PHASE_STRIP = NO;
				DEBUG_INFORMATION_FORMAT = "dwarf-with-dsym";
				GCC_DYNAMIC_NO_PIC = NO;
				GCC_MODEL_TUNING = G5;
				GCC_OPTIMIZATION_LEVEL = 0;
				INFOPLIST_FILE = src/kext/Info.plist;
				INSTALL_GROUP = wheel;
				INSTALL_OWNER = root;
				INSTALL_PATH = "$(SYSTEM_LIBRARY_DIR)/Extensions";
				LINK_WITH_STANDARD_LIBRARIES = YES;
				MACH_O_TYPE = mh_execute;
				MODULE_NAME = net.trajano.driver.InsomniaT;
				MODULE_VERSION = "${CURRENT_PROJECT_VERSION}";
				OTHER_LDFLAGS = "";
				PRODUCT_NAME = "InsomniaT (10.5)";
				SDKROOT = macosx;
				VALID_ARCHS = "ppc970 ppc7400 ppc64 ppc i386";
				WRAPPER_EXTENSION = kext;
			};
			name = Debug;
		};
		2C2012BC1087137A002447D1 /* Release */ = {
			isa = XCBuildConfiguration;
			buildSettings = {
				ALWAYS_SEARCH_USER_PATHS = NO;
				ARCHS = "$(ARCHS_STANDARD_32_BIT)";
				CONFIGURATION_BUILD_DIR = "$(BUILD_DIR)/$(CONFIGURATION)$(EFFECTIVE_PLATFORM_NAME)";
				CONFIGURATION_TEMP_DIR = "$(PROJECT_TEMP_DIR)/${SDKROOT}/$(CONFIGURATION)$(EFFECTIVE_PLATFORM_NAME)";
				COPY_PHASE_STRIP = YES;
				DEBUG_INFORMATION_FORMAT = "dwarf-with-dsym";
				GCC_MODEL_TUNING = G5;
				INFOPLIST_FILE = src/kext/Info.plist;
				INSTALL_GROUP = wheel;
				INSTALL_OWNER = root;
				INSTALL_PATH = "$(SYSTEM_LIBRARY_DIR)/Extensions";
				LINK_WITH_STANDARD_LIBRARIES = YES;
				MACH_O_TYPE = mh_execute;
				MODULE_NAME = net.trajano.driver.InsomniaT;
				MODULE_VERSION = "${CURRENT_PROJECT_VERSION}";
				OTHER_LDFLAGS = "";
				PRODUCT_NAME = "InsomniaT (10.5)";
				SDKROOT = macosx;
				VALID_ARCHS = "ppc970 ppc7400 ppc64 ppc i386";
				WRAPPER_EXTENSION = kext;
				ZERO_LINK = NO;
			};
			name = Release;
		};
		2C201B67108733DD002447D1 /* Debug */ = {
			isa = XCBuildConfiguration;
			buildSettings = {
				COPY_PHASE_STRIP = NO;
				GCC_DYNAMIC_NO_PIC = NO;
				GCC_OPTIMIZATION_LEVEL = 0;
				PRODUCT_NAME = Untitled;
			};
			name = Debug;
		};
		2C201B68108733DD002447D1 /* Release */ = {
			isa = XCBuildConfiguration;
			buildSettings = {
				COPY_PHASE_STRIP = YES;
				CURRENT_PRODUCT_VERSION = 3.0.0;
				DEBUG_INFORMATION_FORMAT = "dwarf-with-dsym";
				PRODUCT_NAME = InsomniaT;
				ZERO_LINK = NO;
			};
			name = Release;
		};
		2C244293106BDB500088C89C /* Debug */ = {
			isa = XCBuildConfiguration;
			buildSettings = {
				ALWAYS_SEARCH_USER_PATHS = NO;
				COPY_PHASE_STRIP = NO;
				DEBUG_INFORMATION_FORMAT = "dwarf-with-dsym";
				FRAMEWORK_SEARCH_PATHS = "$(DEVELOPER_LIBRARY_DIR)/Frameworks";
				GCC_DYNAMIC_NO_PIC = NO;
				GCC_ENABLE_OBJC_EXCEPTIONS = YES;
				GCC_MODEL_TUNING = G5;
				GCC_OPTIMIZATION_LEVEL = 0;
				GCC_PRECOMPILE_PREFIX_HEADER = YES;
				GCC_PREFIX_HEADER = "$(SYSTEM_LIBRARY_DIR)/Frameworks/Cocoa.framework/Headers/Cocoa.h";
				INFOPLIST_FILE = src/test/Info.plist;
				INSTALL_PATH = "$(USER_LIBRARY_DIR)/Bundles";
				OTHER_LDFLAGS = (
					"-framework",
					Cocoa,
					"-framework",
					SenTestingKit,
				);
				PRODUCT_NAME = InsomniaTTest;
				WRAPPER_EXTENSION = octest;
			};
			name = Debug;
		};
		2C244294106BDB500088C89C /* Release */ = {
			isa = XCBuildConfiguration;
			buildSettings = {
				ALWAYS_SEARCH_USER_PATHS = NO;
				COPY_PHASE_STRIP = YES;
				DEBUG_INFORMATION_FORMAT = "dwarf-with-dsym";
				FRAMEWORK_SEARCH_PATHS = "$(DEVELOPER_LIBRARY_DIR)/Frameworks";
				GCC_ENABLE_OBJC_EXCEPTIONS = YES;
				GCC_MODEL_TUNING = G5;
				GCC_PRECOMPILE_PREFIX_HEADER = YES;
				GCC_PREFIX_HEADER = "$(SYSTEM_LIBRARY_DIR)/Frameworks/Cocoa.framework/Headers/Cocoa.h";
				INFOPLIST_FILE = src/test/Info.plist;
				INSTALL_PATH = "$(USER_LIBRARY_DIR)/Bundles";
				OTHER_LDFLAGS = (
					"-framework",
					Cocoa,
					"-framework",
					SenTestingKit,
				);
				PRODUCT_NAME = InsomniaTTest;
				WRAPPER_EXTENSION = octest;
				ZERO_LINK = NO;
			};
			name = Release;
		};
		2C6FC53411C0379F004D0737 /* Debug */ = {
			isa = XCBuildConfiguration;
			buildSettings = {
				ALWAYS_SEARCH_USER_PATHS = NO;
				ARCHS = "$(ARCHS_STANDARD_32_64_BIT)";
				COPY_PHASE_STRIP = NO;
				GCC_DYNAMIC_NO_PIC = NO;
				GCC_MODEL_TUNING = G5;
				GCC_OPTIMIZATION_LEVEL = 0;
				GCC_PRECOMPILE_PREFIX_HEADER = YES;
				GCC_PREFIX_HEADER = "$(SYSTEM_LIBRARY_DIR)/Frameworks/AppKit.framework/Headers/AppKit.h";
				INFOPLIST_FILE = src/prefpane/Info.plist;
				INSTALL_PATH = /Library/PreferencePanes;
				OTHER_LDFLAGS = "";
				PRODUCT_NAME = InsomniaT;
				SDKROOT = macosx;
				WRAPPER_EXTENSION = prefPane;
			};
			name = Debug;
		};
		2C6FC53511C0379F004D0737 /* Release */ = {
			isa = XCBuildConfiguration;
			buildSettings = {
				ALWAYS_SEARCH_USER_PATHS = NO;
				ARCHS = "$(ARCHS_STANDARD_32_64_BIT)";
				COPY_PHASE_STRIP = YES;
				DEBUG_INFORMATION_FORMAT = "dwarf-with-dsym";
				GCC_MODEL_TUNING = G5;
				GCC_PRECOMPILE_PREFIX_HEADER = YES;
				GCC_PREFIX_HEADER = "$(SYSTEM_LIBRARY_DIR)/Frameworks/AppKit.framework/Headers/AppKit.h";
				INFOPLIST_FILE = src/prefpane/Info.plist;
				INSTALL_PATH = /Library/PreferencePanes;
				OTHER_LDFLAGS = "";
				PRODUCT_NAME = InsomniaT;
				SDKROOT = macosx;
				WRAPPER_EXTENSION = prefPane;
				ZERO_LINK = NO;
			};
			name = Release;
		};
		2C7F45C9106B612800AEC829 /* Debug */ = {
			isa = XCBuildConfiguration;
			buildSettings = {
				ALWAYS_SEARCH_USER_PATHS = NO;
				ARCHS = "$(ARCHS_STANDARD_32_64_BIT)";
				COPY_PHASE_STRIP = NO;
				GCC_DYNAMIC_NO_PIC = NO;
				GCC_MODEL_TUNING = G5;
				GCC_OPTIMIZATION_LEVEL = 0;
				GCC_PRECOMPILE_PREFIX_HEADER = YES;
				GCC_PREFIX_HEADER = "$(SYSTEM_LIBRARY_DIR)/Frameworks/AppKit.framework/Headers/AppKit.h";
				INSTALL_PATH = /usr/local/bin;
				OTHER_LDFLAGS = (
					"-framework",
					Foundation,
					"-framework",
					AppKit,
				);
				PRODUCT_NAME = insomniat;
			};
			name = Debug;
		};
		2C7F45CA106B612800AEC829 /* Release */ = {
			isa = XCBuildConfiguration;
			buildSettings = {
				ALWAYS_SEARCH_USER_PATHS = NO;
				ARCHS = "$(ARCHS_STANDARD_32_64_BIT)";
				COPY_PHASE_STRIP = YES;
				DEBUG_INFORMATION_FORMAT = "dwarf-with-dsym";
				GCC_MODEL_TUNING = G5;
				GCC_PRECOMPILE_PREFIX_HEADER = YES;
				GCC_PREFIX_HEADER = "$(SYSTEM_LIBRARY_DIR)/Frameworks/AppKit.framework/Headers/AppKit.h";
				INSTALL_PATH = /usr/local/bin;
				OTHER_LDFLAGS = (
					"-framework",
					Foundation,
					"-framework",
					AppKit,
				);
				PRODUCT_NAME = insomniat;
				ZERO_LINK = NO;
			};
			name = Release;
		};
		2CA8F0B713DDE10D0097DE37 /* Debug */ = {
			isa = XCBuildConfiguration;
			buildSettings = {
				ALWAYS_SEARCH_USER_PATHS = NO;
				COPY_PHASE_STRIP = NO;
				GCC_DYNAMIC_NO_PIC = NO;
				GCC_MODEL_TUNING = G5;
				GCC_OPTIMIZATION_LEVEL = 0;
				GCC_PRECOMPILE_PREFIX_HEADER = YES;
				GCC_PREFIX_HEADER = "$(SYSTEM_LIBRARY_DIR)/Frameworks/AppKit.framework/Headers/AppKit.h";
				INFOPLIST_FILE = "InsomniaT Helper-Info.plist";
				INSTALL_PATH = "$(HOME)/Applications";
				OTHER_LDFLAGS = (
					"-framework",
					Foundation,
					"-framework",
					AppKit,
				);
				PRODUCT_NAME = "InsomniaT Helper";
			};
			name = Debug;
		};
		2CA8F0B813DDE10D0097DE37 /* Release */ = {
			isa = XCBuildConfiguration;
			buildSettings = {
				ALWAYS_SEARCH_USER_PATHS = NO;
				COPY_PHASE_STRIP = YES;
				DEBUG_INFORMATION_FORMAT = "dwarf-with-dsym";
				GCC_MODEL_TUNING = G5;
				GCC_PRECOMPILE_PREFIX_HEADER = YES;
				GCC_PREFIX_HEADER = "$(SYSTEM_LIBRARY_DIR)/Frameworks/AppKit.framework/Headers/AppKit.h";
				INFOPLIST_FILE = "InsomniaT Helper-Info.plist";
				INSTALL_PATH = "$(HOME)/Applications";
				OTHER_LDFLAGS = (
					"-framework",
					Foundation,
					"-framework",
					AppKit,
				);
				PRODUCT_NAME = "InsomniaT Helper";
				ZERO_LINK = NO;
			};
			name = Release;
		};
/* End XCBuildConfiguration section */

/* Begin XCConfigurationList section */
		1DEB91DD08733DB10010E9CD /* Build configuration list for PBXProject "InsomniaT" */ = {
			isa = XCConfigurationList;
			buildConfigurations = (
				1DEB91DE08733DB10010E9CD /* Debug */,
				1DEB91DF08733DB10010E9CD /* Release */,
			);
			defaultConfigurationIsVisible = 0;
			defaultConfigurationName = Release;
		};
		2C20042C1086F888002447D1 /* Build configuration list for PBXAggregateTarget "all" */ = {
			isa = XCConfigurationList;
			buildConfigurations = (
				2C2004141086F82E002447D1 /* Debug */,
				2C2004151086F82E002447D1 /* Release */,
			);
			defaultConfigurationIsVisible = 0;
			defaultConfigurationName = Release;
		};
		2C200D401086FE7B002447D1 /* Build configuration list for PBXNativeTarget "InsomniaT Kernel Extension" */ = {
			isa = XCConfigurationList;
			buildConfigurations = (
				2C200D3E1086FE7B002447D1 /* Debug */,
				2C200D3F1086FE7B002447D1 /* Release */,
			);
			defaultConfigurationIsVisible = 0;
			defaultConfigurationName = Release;
		};
		2C2012BA1087137A002447D1 /* Build configuration list for PBXNativeTarget "InsomniaT Kernel Extension 10.5" */ = {
			isa = XCConfigurationList;
			buildConfigurations = (
				2C2012BB1087137A002447D1 /* Debug */,
				2C2012BC1087137A002447D1 /* Release */,
			);
			defaultConfigurationIsVisible = 0;
			defaultConfigurationName = Release;
		};
		2C201B69108733FB002447D1 /* Build configuration list for PBXLegacyTarget "Installer" */ = {
			isa = XCConfigurationList;
			buildConfigurations = (
				2C201B67108733DD002447D1 /* Debug */,
				2C201B68108733DD002447D1 /* Release */,
			);
			defaultConfigurationIsVisible = 0;
			defaultConfigurationName = Release;
		};
		2C244295106BDB500088C89C /* Build configuration list for PBXNativeTarget "InsomniaTTest" */ = {
			isa = XCConfigurationList;
			buildConfigurations = (
				2C244293106BDB500088C89C /* Debug */,
				2C244294106BDB500088C89C /* Release */,
			);
			defaultConfigurationIsVisible = 0;
			defaultConfigurationName = Release;
		};
		2C6FC53B11C03802004D0737 /* Build configuration list for PBXNativeTarget "InsomniaTPref" */ = {
			isa = XCConfigurationList;
			buildConfigurations = (
				2C6FC53411C0379F004D0737 /* Debug */,
				2C6FC53511C0379F004D0737 /* Release */,
			);
			defaultConfigurationIsVisible = 0;
			defaultConfigurationName = Release;
		};
		2C7F45CB106B613900AEC829 /* Build configuration list for PBXNativeTarget "insomniat" */ = {
			isa = XCConfigurationList;
			buildConfigurations = (
				2C7F45C9106B612800AEC829 /* Debug */,
				2C7F45CA106B612800AEC829 /* Release */,
			);
			defaultConfigurationIsVisible = 0;
			defaultConfigurationName = Release;
		};
		2CA8F0B913DDE10E0097DE37 /* Build configuration list for PBXNativeTarget "InsomniaT Helper" */ = {
			isa = XCConfigurationList;
			buildConfigurations = (
				2CA8F0B713DDE10D0097DE37 /* Debug */,
				2CA8F0B813DDE10D0097DE37 /* Release */,
			);
			defaultConfigurationIsVisible = 0;
			defaultConfigurationName = Release;
		};
/* End XCConfigurationList section */
	};
	rootObject = 089C1669FE841209C02AAC07 /* Project object */;
}
