// !$*UTF8*$!
{
	archiveVersion = 1;
	classes = {
	};
	objectVersion = 46;
	objects = {

/* Begin PBXBuildFile section */
		2C1C2A46106BAD4900863FED /* InsomniaTUserClient.h in Headers */ = {isa = PBXBuildFile; fileRef = 2C1C2A44106BAD4900863FED /* InsomniaTUserClient.h */; };
		2C1C2A47106BAD4900863FED /* InsomniaTUserClient.cpp in Sources */ = {isa = PBXBuildFile; fileRef = 2C1C2A45106BAD4900863FED /* InsomniaTUserClient.cpp */; };
		2C7F45CE106B615200AEC829 /* TestClient.m in Sources */ = {isa = PBXBuildFile; fileRef = 2C7F45CD106B615200AEC829 /* TestClient.m */; };
		2C7F46D5106B670000AEC829 /* IOKit.framework in Frameworks */ = {isa = PBXBuildFile; fileRef = 2C7F46D4106B670000AEC829 /* IOKit.framework */; };
		32D94FC60562CBF700B6AF17 /* InsomniaT.h in Headers */ = {isa = PBXBuildFile; fileRef = 1A224C3EFF42367911CA2CB7 /* InsomniaT.h */; };
		32D94FC80562CBF700B6AF17 /* InfoPlist.strings in Resources */ = {isa = PBXBuildFile; fileRef = 089C167DFE841241C02AAC07 /* InfoPlist.strings */; };
		32D94FCA0562CBF700B6AF17 /* InsomniaT.cpp in Sources */ = {isa = PBXBuildFile; fileRef = 1A224C3FFF42367911CA2CB7 /* InsomniaT.cpp */; settings = {ATTRIBUTES = (); }; };
/* End PBXBuildFile section */

/* Begin PBXContainerItemProxy section */
		2C24425A106BD95C0088C89C /* PBXContainerItemProxy */ = {
			isa = PBXContainerItemProxy;
			containerPortal = 089C1669FE841209C02AAC07 /* Project object */;
			proxyType = 1;
			remoteGlobalIDString = 32D94FC30562CBF700B6AF17 /* InsomniaT */;
			remoteInfo = InsomniaT;
		};
/* End PBXContainerItemProxy section */

/* Begin PBXFileReference section */
		089C167EFE841241C02AAC07 /* English */ = {isa = PBXFileReference; fileEncoding = 4; lastKnownFileType = text.plist.strings; name = English; path = English.lproj/InfoPlist.strings; sourceTree = "<group>"; };
		1A224C3EFF42367911CA2CB7 /* InsomniaT.h */ = {isa = PBXFileReference; fileEncoding = 4; lastKnownFileType = sourcecode.c.h; path = InsomniaT.h; sourceTree = "<group>"; };
		1A224C3FFF42367911CA2CB7 /* InsomniaT.cpp */ = {isa = PBXFileReference; fileEncoding = 4; lastKnownFileType = sourcecode.cpp.cpp; path = InsomniaT.cpp; sourceTree = "<group>"; };
		2C1C2A44106BAD4900863FED /* InsomniaTUserClient.h */ = {isa = PBXFileReference; fileEncoding = 4; lastKnownFileType = sourcecode.c.h; path = InsomniaTUserClient.h; sourceTree = "<group>"; };
		2C1C2A45106BAD4900863FED /* InsomniaTUserClient.cpp */ = {isa = PBXFileReference; fileEncoding = 4; lastKnownFileType = sourcecode.cpp.cpp; path = InsomniaTUserClient.cpp; sourceTree = "<group>"; };
		2C1F2C1D1068086900D5C7AE /* Development Notes.rtf */ = {isa = PBXFileReference; lastKnownFileType = text.rtf; path = "Development Notes.rtf"; sourceTree = "<group>"; };
		2C7F45C7106B612700AEC829 /* TestClient */ = {isa = PBXFileReference; explicitFileType = "compiled.mach-o.executable"; includeInIndex = 0; path = TestClient; sourceTree = BUILT_PRODUCTS_DIR; };
		2C7F45CC106B615200AEC829 /* TestClient.h */ = {isa = PBXFileReference; fileEncoding = 4; lastKnownFileType = sourcecode.c.h; path = TestClient.h; sourceTree = "<group>"; };
		2C7F45CD106B615200AEC829 /* TestClient.m */ = {isa = PBXFileReference; fileEncoding = 4; lastKnownFileType = sourcecode.c.objc; path = TestClient.m; sourceTree = "<group>"; };
		2C7F46D4106B670000AEC829 /* IOKit.framework */ = {isa = PBXFileReference; lastKnownFileType = wrapper.framework; name = IOKit.framework; path = /System/Library/Frameworks/IOKit.framework; sourceTree = "<absolute>"; };
		32D94FCF0562CBF700B6AF17 /* English */ = {isa = PBXFileReference; lastKnownFileType = text.plist.xml; name = English; path = English.lproj/Info.plist; sourceTree = "<group>"; };
		32D94FD00562CBF700B6AF17 /* InsomniaT.kext */ = {isa = PBXFileReference; explicitFileType = wrapper.cfbundle; includeInIndex = 0; path = InsomniaT.kext; sourceTree = BUILT_PRODUCTS_DIR; };
		8DA8362C06AD9B9200E5AC22 /* Kernel.framework */ = {isa = PBXFileReference; lastKnownFileType = wrapper.framework; name = Kernel.framework; path = /System/Library/Frameworks/Kernel.framework; sourceTree = "<absolute>"; };
/* End PBXFileReference section */

/* Begin PBXFrameworksBuildPhase section */
		2C7F45C5106B612700AEC829 /* Frameworks */ = {
			isa = PBXFrameworksBuildPhase;
			buildActionMask = 2147483647;
			files = (
				2C7F46D5106B670000AEC829 /* IOKit.framework in Frameworks */,
			);
			runOnlyForDeploymentPostprocessing = 0;
		};
		32D94FCB0562CBF700B6AF17 /* Frameworks */ = {
			isa = PBXFrameworksBuildPhase;
			buildActionMask = 2147483647;
			files = (
			);
			runOnlyForDeploymentPostprocessing = 0;
		};
/* End PBXFrameworksBuildPhase section */

/* Begin PBXGroup section */
		089C166AFE841209C02AAC07 /* InsomniaT */ = {
			isa = PBXGroup;
			children = (
				247142CAFF3F8F9811CA285C /* Source */,
				8DA8362C06AD9B9200E5AC22 /* Kernel.framework */,
				089C167CFE841241C02AAC07 /* Resources */,
				19C28FB6FE9D52B211CA2CBB /* Products */,
				2C7F46D4106B670000AEC829 /* IOKit.framework */,
			);
			name = InsomniaT;
			sourceTree = "<group>";
		};
		089C167CFE841241C02AAC07 /* Resources */ = {
			isa = PBXGroup;
			children = (
				2C7F4325106B38D600AEC829 /* Info.plist */,
				089C167DFE841241C02AAC07 /* InfoPlist.strings */,
			);
			name = Resources;
			sourceTree = "<group>";
		};
		19C28FB6FE9D52B211CA2CBB /* Products */ = {
			isa = PBXGroup;
			children = (
				32D94FD00562CBF700B6AF17 /* InsomniaT.kext */,
				2C7F45C7106B612700AEC829 /* TestClient */,
			);
			name = Products;
			sourceTree = "<group>";
		};
		247142CAFF3F8F9811CA285C /* Source */ = {
			isa = PBXGroup;
			children = (
				1A224C3EFF42367911CA2CB7 /* InsomniaT.h */,
				1A224C3FFF42367911CA2CB7 /* InsomniaT.cpp */,
				2C1F2C1D1068086900D5C7AE /* Development Notes.rtf */,
				2C7F45CC106B615200AEC829 /* TestClient.h */,
				2C7F45CD106B615200AEC829 /* TestClient.m */,
				2C1C2A44106BAD4900863FED /* InsomniaTUserClient.h */,
				2C1C2A45106BAD4900863FED /* InsomniaTUserClient.cpp */,
			);
			name = Source;
			sourceTree = "<group>";
		};
/* End PBXGroup section */

/* Begin PBXHeadersBuildPhase section */
		32D94FC50562CBF700B6AF17 /* Headers */ = {
			isa = PBXHeadersBuildPhase;
			buildActionMask = 2147483647;
			files = (
				32D94FC60562CBF700B6AF17 /* InsomniaT.h in Headers */,
				2C1C2A46106BAD4900863FED /* InsomniaTUserClient.h in Headers */,
			);
			runOnlyForDeploymentPostprocessing = 0;
		};
/* End PBXHeadersBuildPhase section */

/* Begin PBXNativeTarget section */
		2C7F45C6106B612700AEC829 /* TestClient */ = {
			isa = PBXNativeTarget;
			buildConfigurationList = 2C7F45CB106B613900AEC829 /* Build configuration list for PBXNativeTarget "TestClient" */;
			buildPhases = (
				2C7F45C4106B612700AEC829 /* Sources */,
				2C7F45C5106B612700AEC829 /* Frameworks */,
			);
			buildRules = (
			);
			dependencies = (
				2C24425B106BD95C0088C89C /* PBXTargetDependency */,
			);
			name = TestClient;
			productName = TestClient;
			productReference = 2C7F45C7106B612700AEC829 /* TestClient */;
			productType = "com.apple.product-type.tool";
		};
		32D94FC30562CBF700B6AF17 /* InsomniaT */ = {
			isa = PBXNativeTarget;
			buildConfigurationList = 1DEB91D908733DB10010E9CD /* Build configuration list for PBXNativeTarget "InsomniaT" */;
			buildPhases = (
				32D94FC50562CBF700B6AF17 /* Headers */,
				32D94FC70562CBF700B6AF17 /* Resources */,
				32D94FC90562CBF700B6AF17 /* Sources */,
				32D94FCB0562CBF700B6AF17 /* Frameworks */,
				32D94FCC0562CBF700B6AF17 /* Rez */,
			);
			buildRules = (
			);
			dependencies = (
			);
			name = InsomniaT;
			productInstallPath = "$(SYSTEM_LIBRARY_DIR)/Extensions";
			productName = InsomniaT;
			productReference = 32D94FD00562CBF700B6AF17 /* InsomniaT.kext */;
			productType = "com.apple.product-type.kernel-extension.iokit";
		};
/* End PBXNativeTarget section */

/* Begin PBXProject section */
		089C1669FE841209C02AAC07 /* Project object */ = {
			isa = PBXProject;
			attributes = {
				ORGANIZATIONNAME = trajano.net;
			};
			buildConfigurationList = 1DEB91DD08733DB10010E9CD /* Build configuration list for PBXProject "InsomniaT" */;
			compatibilityVersion = "Xcode 3.2";
			hasScannedForEncodings = 1;
			mainGroup = 089C166AFE841209C02AAC07 /* InsomniaT */;
			projectDirPath = "";
			projectRoot = "";
			targets = (
				32D94FC30562CBF700B6AF17 /* InsomniaT */,
				2C7F45C6106B612700AEC829 /* TestClient */,
			);
		};
/* End PBXProject section */

/* Begin PBXResourcesBuildPhase section */
		32D94FC70562CBF700B6AF17 /* Resources */ = {
			isa = PBXResourcesBuildPhase;
			buildActionMask = 2147483647;
			files = (
				32D94FC80562CBF700B6AF17 /* InfoPlist.strings in Resources */,
			);
			runOnlyForDeploymentPostprocessing = 0;
		};
/* End PBXResourcesBuildPhase section */

/* Begin PBXRezBuildPhase section */
		32D94FCC0562CBF700B6AF17 /* Rez */ = {
			isa = PBXRezBuildPhase;
			buildActionMask = 2147483647;
			files = (
			);
			runOnlyForDeploymentPostprocessing = 0;
		};
/* End PBXRezBuildPhase section */

/* Begin PBXSourcesBuildPhase section */
		2C7F45C4106B612700AEC829 /* Sources */ = {
			isa = PBXSourcesBuildPhase;
			buildActionMask = 2147483647;
			files = (
				2C7F45CE106B615200AEC829 /* TestClient.m in Sources */,
			);
			runOnlyForDeploymentPostprocessing = 0;
		};
		32D94FC90562CBF700B6AF17 /* Sources */ = {
			isa = PBXSourcesBuildPhase;
			buildActionMask = 2147483647;
			files = (
				32D94FCA0562CBF700B6AF17 /* InsomniaT.cpp in Sources */,
				2C1C2A47106BAD4900863FED /* InsomniaTUserClient.cpp in Sources */,
			);
			runOnlyForDeploymentPostprocessing = 0;
		};
/* End PBXSourcesBuildPhase section */

/* Begin PBXTargetDependency section */
		2C24425B106BD95C0088C89C /* PBXTargetDependency */ = {
			isa = PBXTargetDependency;
			target = 32D94FC30562CBF700B6AF17 /* InsomniaT */;
			targetProxy = 2C24425A106BD95C0088C89C /* PBXContainerItemProxy */;
		};
/* End PBXTargetDependency section */

/* Begin PBXVariantGroup section */
		089C167DFE841241C02AAC07 /* InfoPlist.strings */ = {
			isa = PBXVariantGroup;
			children = (
				089C167EFE841241C02AAC07 /* English */,
			);
			name = InfoPlist.strings;
			sourceTree = "<group>";
		};
		2C7F4325106B38D600AEC829 /* Info.plist */ = {
			isa = PBXVariantGroup;
			children = (
				32D94FCF0562CBF700B6AF17 /* English */,
			);
			name = Info.plist;
			sourceTree = "<group>";
		};
/* End PBXVariantGroup section */

/* Begin XCBuildConfiguration section */
		1DEB91DA08733DB10010E9CD /* Debug */ = {
			isa = XCBuildConfiguration;
			buildSettings = {
				ALWAYS_SEARCH_USER_PATHS = NO;
				COPY_PHASE_STRIP = NO;
				CURRENT_PROJECT_VERSION = 1.0.0d1;
				DEBUG_INFORMATION_FORMAT = "dwarf-with-dsym";
				GCC_DYNAMIC_NO_PIC = NO;
				GCC_MODEL_TUNING = G5;
				GCC_OPTIMIZATION_LEVEL = 0;
				INFOPLIST_FILE = English.lproj/Info.plist;
				INSTALL_PATH = "$(SYSTEM_LIBRARY_DIR)/Extensions";
				MODULE_NAME = net.trajano.driver.InsomniaT;
				MODULE_VERSION = 1.0.0d1;
				ONLY_ACTIVE_ARCH = NO;
				PRODUCT_NAME = InsomniaT;
				WRAPPER_EXTENSION = kext;
			};
			name = Debug;
		};
		1DEB91DB08733DB10010E9CD /* Release */ = {
			isa = XCBuildConfiguration;
			buildSettings = {
				ALWAYS_SEARCH_USER_PATHS = NO;
				CURRENT_PROJECT_VERSION = 1.0.0d1;
				DEBUG_INFORMATION_FORMAT = "dwarf-with-dsym";
				GCC_MODEL_TUNING = G5;
				INFOPLIST_FILE = English.lproj/Info.plist;
				INSTALL_PATH = "$(SYSTEM_LIBRARY_DIR)/Extensions";
				MODULE_NAME = net.trajano.driver.InsomniaT;
				MODULE_VERSION = 1.0.0d1;
				PRODUCT_NAME = InsomniaT;
				WRAPPER_EXTENSION = kext;
			};
			name = Release;
		};
		1DEB91DE08733DB10010E9CD /* Debug */ = {
			isa = XCBuildConfiguration;
			buildSettings = {
				ARCHS = "$(ARCHS_STANDARD_32_64_BIT)";
				GCC_C_LANGUAGE_STANDARD = gnu99;
				GCC_OPTIMIZATION_LEVEL = 0;
				GCC_WARN_ABOUT_RETURN_TYPE = YES;
				GCC_WARN_UNUSED_VARIABLE = YES;
				ONLY_ACTIVE_ARCH = NO;
				PREBINDING = NO;
				SDKROOT = macosx10.6;
			};
			name = Debug;
		};
		1DEB91DF08733DB10010E9CD /* Release */ = {
			isa = XCBuildConfiguration;
			buildSettings = {
				ARCHS = "$(ARCHS_STANDARD_32_64_BIT)";
				GCC_C_LANGUAGE_STANDARD = gnu99;
				GCC_WARN_ABOUT_RETURN_TYPE = YES;
				GCC_WARN_UNUSED_VARIABLE = YES;
				ONLY_ACTIVE_ARCH = NO;
				PREBINDING = NO;
				SDKROOT = macosx10.6;
			};
			name = Release;
		};
		2C7F45C9106B612800AEC829 /* Debug */ = {
			isa = XCBuildConfiguration;
			buildSettings = {
				ALWAYS_SEARCH_USER_PATHS = NO;
				COPY_PHASE_STRIP = NO;
				GCC_DYNAMIC_NO_PIC = NO;
				GCC_ENABLE_FIX_AND_CONTINUE = YES;
				GCC_MODEL_TUNING = G5;
				GCC_OPTIMIZATION_LEVEL = 0;
				GCC_PRECOMPILE_PREFIX_HEADER = YES;
				GCC_PREFIX_HEADER = "$(SYSTEM_LIBRARY_DIR)/Frameworks/AppKit.framework/Headers/AppKit.h";
				INSTALL_PATH = /usr/local/bin;
				OTHER_LDFLAGS = (
					"-framework",
					Foundation,
					"-framework",
					AppKit,
				);
				PREBINDING = NO;
				PRODUCT_NAME = TestClient;
			};
			name = Debug;
		};
		2C7F45CA106B612800AEC829 /* Release */ = {
			isa = XCBuildConfiguration;
			buildSettings = {
				ALWAYS_SEARCH_USER_PATHS = NO;
				COPY_PHASE_STRIP = YES;
				DEBUG_INFORMATION_FORMAT = "dwarf-with-dsym";
				GCC_ENABLE_FIX_AND_CONTINUE = NO;
				GCC_MODEL_TUNING = G5;
				GCC_PRECOMPILE_PREFIX_HEADER = YES;
				GCC_PREFIX_HEADER = "$(SYSTEM_LIBRARY_DIR)/Frameworks/AppKit.framework/Headers/AppKit.h";
				INSTALL_PATH = /usr/local/bin;
				OTHER_LDFLAGS = (
					"-framework",
					Foundation,
					"-framework",
					AppKit,
				);
				PREBINDING = NO;
				PRODUCT_NAME = TestClient;
				ZERO_LINK = NO;
			};
			name = Release;
		};
/* End XCBuildConfiguration section */

/* Begin XCConfigurationList section */
		1DEB91D908733DB10010E9CD /* Build configuration list for PBXNativeTarget "InsomniaT" */ = {
			isa = XCConfigurationList;
			buildConfigurations = (
				1DEB91DA08733DB10010E9CD /* Debug */,
				1DEB91DB08733DB10010E9CD /* Release */,
			);
			defaultConfigurationIsVisible = 0;
			defaultConfigurationName = Release;
		};
		1DEB91DD08733DB10010E9CD /* Build configuration list for PBXProject "InsomniaT" */ = {
			isa = XCConfigurationList;
			buildConfigurations = (
				1DEB91DE08733DB10010E9CD /* Debug */,
				1DEB91DF08733DB10010E9CD /* Release */,
			);
			defaultConfigurationIsVisible = 0;
			defaultConfigurationName = Release;
		};
		2C7F45CB106B613900AEC829 /* Build configuration list for PBXNativeTarget "TestClient" */ = {
			isa = XCConfigurationList;
			buildConfigurations = (
				2C7F45C9106B612800AEC829 /* Debug */,
				2C7F45CA106B612800AEC829 /* Release */,
			);
			defaultConfigurationIsVisible = 0;
			defaultConfigurationName = Release;
		};
/* End XCConfigurationList section */
	};
	rootObject = 089C1669FE841209C02AAC07 /* Project object */;
}
